// !$*UTF8*$!
{
	archiveVersion = 1;
	classes = {
	};
	objectVersion = 46;
	objects = {

/* Begin PBXBuildFile section */
		D224C525189D017000923370 /* SSFrontViewController.m in Sources */ = {isa = PBXBuildFile; fileRef = D224C524189D017000923370 /* SSFrontViewController.m */; };
		D224C529189D021400923370 /* SSBackViewController.m in Sources */ = {isa = PBXBuildFile; fileRef = D224C528189D021400923370 /* SSBackViewController.m */; };
		D244C2E7189CEB6100E6DB16 /* Foundation.framework in Frameworks */ = {isa = PBXBuildFile; fileRef = D244C2E6189CEB6100E6DB16 /* Foundation.framework */; };
		D244C2E9189CEB6100E6DB16 /* CoreGraphics.framework in Frameworks */ = {isa = PBXBuildFile; fileRef = D244C2E8189CEB6100E6DB16 /* CoreGraphics.framework */; };
		D244C2EB189CEB6100E6DB16 /* UIKit.framework in Frameworks */ = {isa = PBXBuildFile; fileRef = D244C2EA189CEB6100E6DB16 /* UIKit.framework */; };
		D244C2F1189CEB6100E6DB16 /* InfoPlist.strings in Resources */ = {isa = PBXBuildFile; fileRef = D244C2EF189CEB6100E6DB16 /* InfoPlist.strings */; };
		D244C2F3189CEB6100E6DB16 /* main.m in Sources */ = {isa = PBXBuildFile; fileRef = D244C2F2189CEB6100E6DB16 /* main.m */; };
		D244C2F7189CEB6100E6DB16 /* SSAppDelegate.m in Sources */ = {isa = PBXBuildFile; fileRef = D244C2F6189CEB6100E6DB16 /* SSAppDelegate.m */; };
		D244C2FF189CEB6100E6DB16 /* Images.xcassets in Resources */ = {isa = PBXBuildFile; fileRef = D244C2FE189CEB6100E6DB16 /* Images.xcassets */; };
		D244C306189CEB6100E6DB16 /* XCTest.framework in Frameworks */ = {isa = PBXBuildFile; fileRef = D244C305189CEB6100E6DB16 /* XCTest.framework */; };
		D244C307189CEB6100E6DB16 /* Foundation.framework in Frameworks */ = {isa = PBXBuildFile; fileRef = D244C2E6189CEB6100E6DB16 /* Foundation.framework */; };
		D244C308189CEB6100E6DB16 /* UIKit.framework in Frameworks */ = {isa = PBXBuildFile; fileRef = D244C2EA189CEB6100E6DB16 /* UIKit.framework */; };
		D244C310189CEB6100E6DB16 /* InfoPlist.strings in Resources */ = {isa = PBXBuildFile; fileRef = D244C30E189CEB6100E6DB16 /* InfoPlist.strings */; };
		D244C312189CEB6100E6DB16 /* Swing_LocalTests.m in Sources */ = {isa = PBXBuildFile; fileRef = D244C311189CEB6100E6DB16 /* Swing_LocalTests.m */; };
		D244C325189CEBAE00E6DB16 /* Main.storyboard in Resources */ = {isa = PBXBuildFile; fileRef = D244C324189CEBAE00E6DB16 /* Main.storyboard */; };
		D244C330189CEBCC00E6DB16 /* HomeView.m in Sources */ = {isa = PBXBuildFile; fileRef = D244C32A189CEBCC00E6DB16 /* HomeView.m */; };
		D244C331189CEBCC00E6DB16 /* InitialViewController.m in Sources */ = {isa = PBXBuildFile; fileRef = D244C32B189CEBCC00E6DB16 /* InitialViewController.m */; };
		D244C336189CEBE600E6DB16 /* menu-gear.png in Resources */ = {isa = PBXBuildFile; fileRef = D244C332189CEBE500E6DB16 /* menu-gear.png */; };
		D244C337189CEBE600E6DB16 /* menu-gear@2x.png in Resources */ = {isa = PBXBuildFile; fileRef = D244C333189CEBE600E6DB16 /* menu-gear@2x.png */; };
		D244C338189CEBE600E6DB16 /* menu.png in Resources */ = {isa = PBXBuildFile; fileRef = D244C334189CEBE600E6DB16 /* menu.png */; };
		D244C339189CEBE600E6DB16 /* menu@2x.png in Resources */ = {isa = PBXBuildFile; fileRef = D244C335189CEBE600E6DB16 /* menu@2x.png */; };
		D244C33E189CEBF100E6DB16 /* bg_01.png in Resources */ = {isa = PBXBuildFile; fileRef = D244C33B189CEBF100E6DB16 /* bg_01.png */; };
		D244C33F189CEBF100E6DB16 /* bg_02.png in Resources */ = {isa = PBXBuildFile; fileRef = D244C33C189CEBF100E6DB16 /* bg_02.png */; };
		D244C340189CEBF100E6DB16 /* bg_03.png in Resources */ = {isa = PBXBuildFile; fileRef = D244C33D189CEBF100E6DB16 /* bg_03.png */; };
		D244C344189CEC5C00E6DB16 /* MainView.m in Sources */ = {isa = PBXBuildFile; fileRef = D244C343189CEC5C00E6DB16 /* MainView.m */; };
		D244C347189CEC7A00E6DB16 /* UIColor+SwingLocal.m in Sources */ = {isa = PBXBuildFile; fileRef = D244C346189CEC7A00E6DB16 /* UIColor+SwingLocal.m */; };
		D244C34B189CECA700E6DB16 /* BackViewController.m in Sources */ = {isa = PBXBuildFile; fileRef = D244C34A189CECA700E6DB16 /* BackViewController.m */; };
		D244C34E189CECAE00E6DB16 /* FrontViewController.m in Sources */ = {isa = PBXBuildFile; fileRef = D244C34D189CECAE00E6DB16 /* FrontViewController.m */; };
		D244C351189CECB800E6DB16 /* SplitViewController.m in Sources */ = {isa = PBXBuildFile; fileRef = D244C350189CECB800E6DB16 /* SplitViewController.m */; };
		D244C355189CECDB00E6DB16 /* GHViewController.m in Sources */ = {isa = PBXBuildFile; fileRef = D244C354189CECDB00E6DB16 /* GHViewController.m */; };
		D244C35B189CECF100E6DB16 /* GHWalkThroughPageCell.m in Sources */ = {isa = PBXBuildFile; fileRef = D244C358189CECF100E6DB16 /* GHWalkThroughPageCell.m */; };
		D244C35C189CECF100E6DB16 /* GHWalkThroughView.m in Sources */ = {isa = PBXBuildFile; fileRef = D244C35A189CECF100E6DB16 /* GHWalkThroughView.m */; };
		D292FD07189DC9DE000874FB /* DoActionSheet.m in Sources */ = {isa = PBXBuildFile; fileRef = D292FD06189DC9DE000874FB /* DoActionSheet.m */; };
		D292FD13189DC9FD000874FB /* UIImage+ResizeMagick.m in Sources */ = {isa = PBXBuildFile; fileRef = D292FD0E189DC9FD000874FB /* UIImage+ResizeMagick.m */; };
		D292FD18189DCA85000874FB /* SSActionSheet.m in Sources */ = {isa = PBXBuildFile; fileRef = D292FD17189DCA85000874FB /* SSActionSheet.m */; };
		D292FD1C189E1E87000874FB /* HomePageManager.m in Sources */ = {isa = PBXBuildFile; fileRef = D292FD1B189E1E87000874FB /* HomePageManager.m */; };
		D292FD21189E32FD000874FB /* EventObject.m in Sources */ = {isa = PBXBuildFile; fileRef = D292FD20189E32FD000874FB /* EventObject.m */; };
/* End PBXBuildFile section */

/* Begin PBXContainerItemProxy section */
		D244C309189CEB6100E6DB16 /* PBXContainerItemProxy */ = {
			isa = PBXContainerItemProxy;
			containerPortal = D244C2DB189CEB6100E6DB16 /* Project object */;
			proxyType = 1;
			remoteGlobalIDString = D244C2E2189CEB6100E6DB16;
			remoteInfo = "Swing Local";
		};
/* End PBXContainerItemProxy section */

/* Begin PBXFileReference section */
		D224C523189D017000923370 /* SSFrontViewController.h */ = {isa = PBXFileReference; fileEncoding = 4; lastKnownFileType = sourcecode.c.h; path = SSFrontViewController.h; sourceTree = "<group>"; };
		D224C524189D017000923370 /* SSFrontViewController.m */ = {isa = PBXFileReference; fileEncoding = 4; lastKnownFileType = sourcecode.c.objc; path = SSFrontViewController.m; sourceTree = "<group>"; };
		D224C527189D021400923370 /* SSBackViewController.h */ = {isa = PBXFileReference; fileEncoding = 4; lastKnownFileType = sourcecode.c.h; path = SSBackViewController.h; sourceTree = "<group>"; };
		D224C528189D021400923370 /* SSBackViewController.m */ = {isa = PBXFileReference; fileEncoding = 4; lastKnownFileType = sourcecode.c.objc; path = SSBackViewController.m; sourceTree = "<group>"; };
		D244C2E3189CEB6100E6DB16 /* Swing Local.app */ = {isa = PBXFileReference; explicitFileType = wrapper.application; includeInIndex = 0; path = "Swing Local.app"; sourceTree = BUILT_PRODUCTS_DIR; };
		D244C2E6189CEB6100E6DB16 /* Foundation.framework */ = {isa = PBXFileReference; lastKnownFileType = wrapper.framework; name = Foundation.framework; path = System/Library/Frameworks/Foundation.framework; sourceTree = SDKROOT; };
		D244C2E8189CEB6100E6DB16 /* CoreGraphics.framework */ = {isa = PBXFileReference; lastKnownFileType = wrapper.framework; name = CoreGraphics.framework; path = System/Library/Frameworks/CoreGraphics.framework; sourceTree = SDKROOT; };
		D244C2EA189CEB6100E6DB16 /* UIKit.framework */ = {isa = PBXFileReference; lastKnownFileType = wrapper.framework; name = UIKit.framework; path = System/Library/Frameworks/UIKit.framework; sourceTree = SDKROOT; };
		D244C2EE189CEB6100E6DB16 /* Swing Local-Info.plist */ = {isa = PBXFileReference; lastKnownFileType = text.plist.xml; path = "Swing Local-Info.plist"; sourceTree = "<group>"; };
		D244C2F0189CEB6100E6DB16 /* en */ = {isa = PBXFileReference; lastKnownFileType = text.plist.strings; name = en; path = en.lproj/InfoPlist.strings; sourceTree = "<group>"; };
		D244C2F2189CEB6100E6DB16 /* main.m */ = {isa = PBXFileReference; lastKnownFileType = sourcecode.c.objc; path = main.m; sourceTree = "<group>"; };
		D244C2F4189CEB6100E6DB16 /* Swing Local-Prefix.pch */ = {isa = PBXFileReference; lastKnownFileType = sourcecode.c.h; path = "Swing Local-Prefix.pch"; sourceTree = "<group>"; };
		D244C2F5189CEB6100E6DB16 /* SSAppDelegate.h */ = {isa = PBXFileReference; lastKnownFileType = sourcecode.c.h; path = SSAppDelegate.h; sourceTree = "<group>"; };
		D244C2F6189CEB6100E6DB16 /* SSAppDelegate.m */ = {isa = PBXFileReference; lastKnownFileType = sourcecode.c.objc; path = SSAppDelegate.m; sourceTree = "<group>"; };
		D244C2FE189CEB6100E6DB16 /* Images.xcassets */ = {isa = PBXFileReference; lastKnownFileType = folder.assetcatalog; path = Images.xcassets; sourceTree = "<group>"; };
		D244C304189CEB6100E6DB16 /* Swing LocalTests.xctest */ = {isa = PBXFileReference; explicitFileType = wrapper.cfbundle; includeInIndex = 0; path = "Swing LocalTests.xctest"; sourceTree = BUILT_PRODUCTS_DIR; };
		D244C305189CEB6100E6DB16 /* XCTest.framework */ = {isa = PBXFileReference; lastKnownFileType = wrapper.framework; name = XCTest.framework; path = Library/Frameworks/XCTest.framework; sourceTree = DEVELOPER_DIR; };
		D244C30D189CEB6100E6DB16 /* Swing LocalTests-Info.plist */ = {isa = PBXFileReference; lastKnownFileType = text.plist.xml; path = "Swing LocalTests-Info.plist"; sourceTree = "<group>"; };
		D244C30F189CEB6100E6DB16 /* en */ = {isa = PBXFileReference; lastKnownFileType = text.plist.strings; name = en; path = en.lproj/InfoPlist.strings; sourceTree = "<group>"; };
		D244C311189CEB6100E6DB16 /* Swing_LocalTests.m */ = {isa = PBXFileReference; lastKnownFileType = sourcecode.c.objc; path = Swing_LocalTests.m; sourceTree = "<group>"; };
		D244C31F189CEB9000E6DB16 /* HomeView.h */ = {isa = PBXFileReference; lastKnownFileType = sourcecode.c.h; path = HomeView.h; sourceTree = "<group>"; };
		D244C320189CEB9000E6DB16 /* InitialViewController.h */ = {isa = PBXFileReference; lastKnownFileType = sourcecode.c.h; path = InitialViewController.h; sourceTree = "<group>"; };
		D244C321189CEB9000E6DB16 /* MainView.h */ = {isa = PBXFileReference; lastKnownFileType = sourcecode.c.h; path = MainView.h; sourceTree = "<group>"; };
		D244C323189CEBA100E6DB16 /* UIColor+SwingLocal.h */ = {isa = PBXFileReference; lastKnownFileType = sourcecode.c.h; path = "UIColor+SwingLocal.h"; sourceTree = "<group>"; };
		D244C324189CEBAE00E6DB16 /* Main.storyboard */ = {isa = PBXFileReference; fileEncoding = 4; lastKnownFileType = file.storyboard; path = Main.storyboard; sourceTree = "<group>"; };
		D244C32A189CEBCC00E6DB16 /* HomeView.m */ = {isa = PBXFileReference; fileEncoding = 4; lastKnownFileType = sourcecode.c.objc; path = HomeView.m; sourceTree = "<group>"; };
		D244C32B189CEBCC00E6DB16 /* InitialViewController.m */ = {isa = PBXFileReference; fileEncoding = 4; lastKnownFileType = sourcecode.c.objc; path = InitialViewController.m; sourceTree = "<group>"; };
		D244C332189CEBE500E6DB16 /* menu-gear.png */ = {isa = PBXFileReference; lastKnownFileType = image.png; path = "menu-gear.png"; sourceTree = "<group>"; };
		D244C333189CEBE600E6DB16 /* menu-gear@2x.png */ = {isa = PBXFileReference; lastKnownFileType = image.png; path = "menu-gear@2x.png"; sourceTree = "<group>"; };
		D244C334189CEBE600E6DB16 /* menu.png */ = {isa = PBXFileReference; lastKnownFileType = image.png; path = menu.png; sourceTree = "<group>"; };
		D244C335189CEBE600E6DB16 /* menu@2x.png */ = {isa = PBXFileReference; lastKnownFileType = image.png; path = "menu@2x.png"; sourceTree = "<group>"; };
		D244C33B189CEBF100E6DB16 /* bg_01.png */ = {isa = PBXFileReference; lastKnownFileType = image.png; path = bg_01.png; sourceTree = "<group>"; };
		D244C33C189CEBF100E6DB16 /* bg_02.png */ = {isa = PBXFileReference; lastKnownFileType = image.png; path = bg_02.png; sourceTree = "<group>"; };
		D244C33D189CEBF100E6DB16 /* bg_03.png */ = {isa = PBXFileReference; lastKnownFileType = image.png; path = bg_03.png; sourceTree = "<group>"; };
		D244C343189CEC5C00E6DB16 /* MainView.m */ = {isa = PBXFileReference; fileEncoding = 4; lastKnownFileType = sourcecode.c.objc; path = MainView.m; sourceTree = "<group>"; };
		D244C346189CEC7A00E6DB16 /* UIColor+SwingLocal.m */ = {isa = PBXFileReference; fileEncoding = 4; lastKnownFileType = sourcecode.c.objc; path = "UIColor+SwingLocal.m"; sourceTree = "<group>"; };
		D244C349189CECA700E6DB16 /* BackViewController.h */ = {isa = PBXFileReference; fileEncoding = 4; lastKnownFileType = sourcecode.c.h; name = BackViewController.h; path = ../../../CocoaPods/SplitPeekViewController/SplitPeekViewController/BackViewController.h; sourceTree = "<group>"; };
		D244C34A189CECA700E6DB16 /* BackViewController.m */ = {isa = PBXFileReference; fileEncoding = 4; lastKnownFileType = sourcecode.c.objc; name = BackViewController.m; path = ../../../CocoaPods/SplitPeekViewController/SplitPeekViewController/BackViewController.m; sourceTree = "<group>"; };
		D244C34C189CECAE00E6DB16 /* FrontViewController.h */ = {isa = PBXFileReference; fileEncoding = 4; lastKnownFileType = sourcecode.c.h; name = FrontViewController.h; path = ../../../CocoaPods/SplitPeekViewController/SplitPeekViewController/FrontViewController.h; sourceTree = "<group>"; };
		D244C34D189CECAE00E6DB16 /* FrontViewController.m */ = {isa = PBXFileReference; fileEncoding = 4; lastKnownFileType = sourcecode.c.objc; name = FrontViewController.m; path = ../../../CocoaPods/SplitPeekViewController/SplitPeekViewController/FrontViewController.m; sourceTree = "<group>"; };
		D244C34F189CECB800E6DB16 /* SplitViewController.h */ = {isa = PBXFileReference; fileEncoding = 4; lastKnownFileType = sourcecode.c.h; name = SplitViewController.h; path = ../../../CocoaPods/SplitPeekViewController/SplitPeekViewController/SplitViewController.h; sourceTree = "<group>"; };
		D244C350189CECB800E6DB16 /* SplitViewController.m */ = {isa = PBXFileReference; fileEncoding = 4; lastKnownFileType = sourcecode.c.objc; name = SplitViewController.m; path = ../../../CocoaPods/SplitPeekViewController/SplitPeekViewController/SplitViewController.m; sourceTree = "<group>"; };
		D244C353189CECDB00E6DB16 /* GHViewController.h */ = {isa = PBXFileReference; fileEncoding = 4; lastKnownFileType = sourcecode.c.h; name = GHViewController.h; path = ../../GHWalkThrough/GHWalkThrough/GHViewController.h; sourceTree = "<group>"; };
		D244C354189CECDB00E6DB16 /* GHViewController.m */ = {isa = PBXFileReference; fileEncoding = 4; lastKnownFileType = sourcecode.c.objc; name = GHViewController.m; path = ../../GHWalkThrough/GHWalkThrough/GHViewController.m; sourceTree = "<group>"; };
		D244C357189CECF100E6DB16 /* GHWalkThroughPageCell.h */ = {isa = PBXFileReference; fileEncoding = 4; lastKnownFileType = sourcecode.c.h; name = GHWalkThroughPageCell.h; path = ../../GHWalkThrough/GHWalkThrough/GHWalkThroughPageCell.h; sourceTree = "<group>"; };
		D244C358189CECF100E6DB16 /* GHWalkThroughPageCell.m */ = {isa = PBXFileReference; fileEncoding = 4; lastKnownFileType = sourcecode.c.objc; name = GHWalkThroughPageCell.m; path = ../../GHWalkThrough/GHWalkThrough/GHWalkThroughPageCell.m; sourceTree = "<group>"; };
		D244C359189CECF100E6DB16 /* GHWalkThroughView.h */ = {isa = PBXFileReference; fileEncoding = 4; lastKnownFileType = sourcecode.c.h; name = GHWalkThroughView.h; path = ../../GHWalkThrough/GHWalkThrough/GHWalkThroughView.h; sourceTree = "<group>"; };
		D244C35A189CECF100E6DB16 /* GHWalkThroughView.m */ = {isa = PBXFileReference; fileEncoding = 4; lastKnownFileType = sourcecode.c.objc; name = GHWalkThroughView.m; path = ../../GHWalkThrough/GHWalkThrough/GHWalkThroughView.m; sourceTree = "<group>"; };
		D292FD05189DC9DE000874FB /* DoActionSheet.h */ = {isa = PBXFileReference; fileEncoding = 4; lastKnownFileType = sourcecode.c.h; name = DoActionSheet.h; path = ../../DoActionSheet/TestActionSheet/DoActionSheet/DoActionSheet.h; sourceTree = "<group>"; };
		D292FD06189DC9DE000874FB /* DoActionSheet.m */ = {isa = PBXFileReference; fileEncoding = 4; lastKnownFileType = sourcecode.c.objc; name = DoActionSheet.m; path = ../../DoActionSheet/TestActionSheet/DoActionSheet/DoActionSheet.m; sourceTree = "<group>"; };
		D292FD0D189DC9FD000874FB /* UIImage+ResizeMagick.h */ = {isa = PBXFileReference; fileEncoding = 4; lastKnownFileType = sourcecode.c.h; path = "UIImage+ResizeMagick.h"; sourceTree = "<group>"; };
		D292FD0E189DC9FD000874FB /* UIImage+ResizeMagick.m */ = {isa = PBXFileReference; fileEncoding = 4; lastKnownFileType = sourcecode.c.objc; path = "UIImage+ResizeMagick.m"; sourceTree = "<group>"; };
		D292FD16189DCA85000874FB /* SSActionSheet.h */ = {isa = PBXFileReference; fileEncoding = 4; lastKnownFileType = sourcecode.c.h; path = SSActionSheet.h; sourceTree = "<group>"; };
		D292FD17189DCA85000874FB /* SSActionSheet.m */ = {isa = PBXFileReference; fileEncoding = 4; lastKnownFileType = sourcecode.c.objc; path = SSActionSheet.m; sourceTree = "<group>"; };
		D292FD1A189E1E87000874FB /* HomePageManager.h */ = {isa = PBXFileReference; fileEncoding = 4; lastKnownFileType = sourcecode.c.h; path = HomePageManager.h; sourceTree = "<group>"; };
		D292FD1B189E1E87000874FB /* HomePageManager.m */ = {isa = PBXFileReference; fileEncoding = 4; lastKnownFileType = sourcecode.c.objc; path = HomePageManager.m; sourceTree = "<group>"; };
		D292FD1F189E32FD000874FB /* EventObject.h */ = {isa = PBXFileReference; fileEncoding = 4; lastKnownFileType = sourcecode.c.h; path = EventObject.h; sourceTree = "<group>"; };
		D292FD20189E32FD000874FB /* EventObject.m */ = {isa = PBXFileReference; fileEncoding = 4; lastKnownFileType = sourcecode.c.objc; path = EventObject.m; sourceTree = "<group>"; };
/* End PBXFileReference section */

/* Begin PBXFrameworksBuildPhase section */
		D244C2E0189CEB6100E6DB16 /* Frameworks */ = {
			isa = PBXFrameworksBuildPhase;
			buildActionMask = 2147483647;
			files = (
				D244C2E9189CEB6100E6DB16 /* CoreGraphics.framework in Frameworks */,
				D244C2EB189CEB6100E6DB16 /* UIKit.framework in Frameworks */,
				D244C2E7189CEB6100E6DB16 /* Foundation.framework in Frameworks */,
			);
			runOnlyForDeploymentPostprocessing = 0;
		};
		D244C301189CEB6100E6DB16 /* Frameworks */ = {
			isa = PBXFrameworksBuildPhase;
			buildActionMask = 2147483647;
			files = (
				D244C306189CEB6100E6DB16 /* XCTest.framework in Frameworks */,
				D244C308189CEB6100E6DB16 /* UIKit.framework in Frameworks */,
				D244C307189CEB6100E6DB16 /* Foundation.framework in Frameworks */,
			);
			runOnlyForDeploymentPostprocessing = 0;
		};
/* End PBXFrameworksBuildPhase section */

/* Begin PBXGroup section */
		D224C526189D017A00923370 /* Subclassed */ = {
			isa = PBXGroup;
			children = (
				D292FD15189DCA65000874FB /* Controllers */,
				D292FD19189DCA88000874FB /* Views */,
			);
			name = Subclassed;
			sourceTree = "<group>";
		};
		D244C2DA189CEB6100E6DB16 = {
			isa = PBXGroup;
			children = (
				D244C2EC189CEB6100E6DB16 /* Swing Local */,
				D244C30B189CEB6100E6DB16 /* Swing LocalTests */,
				D244C2E5189CEB6100E6DB16 /* Frameworks */,
				D244C2E4189CEB6100E6DB16 /* Products */,
			);
			sourceTree = "<group>";
		};
		D244C2E4189CEB6100E6DB16 /* Products */ = {
			isa = PBXGroup;
			children = (
				D244C2E3189CEB6100E6DB16 /* Swing Local.app */,
				D244C304189CEB6100E6DB16 /* Swing LocalTests.xctest */,
			);
			name = Products;
			sourceTree = "<group>";
		};
		D244C2E5189CEB6100E6DB16 /* Frameworks */ = {
			isa = PBXGroup;
			children = (
				D244C2E6189CEB6100E6DB16 /* Foundation.framework */,
				D244C2E8189CEB6100E6DB16 /* CoreGraphics.framework */,
				D244C2EA189CEB6100E6DB16 /* UIKit.framework */,
				D244C305189CEB6100E6DB16 /* XCTest.framework */,
			);
			name = Frameworks;
			sourceTree = "<group>";
		};
		D244C2EC189CEB6100E6DB16 /* Swing Local */ = {
			isa = PBXGroup;
			children = (
				D244C324189CEBAE00E6DB16 /* Main.storyboard */,
				D244C320189CEB9000E6DB16 /* InitialViewController.h */,
				D244C32B189CEBCC00E6DB16 /* InitialViewController.m */,
				D292FD1D189E1E8B000874FB /* Models */,
				D244C345189CEC6500E6DB16 /* Views */,
				D244C348189CEC8100E6DB16 /* Categories */,
				D224C526189D017A00923370 /* Subclassed */,
				D244C352189CECBB00E6DB16 /* SplitPeekViewController */,
				D244C356189CECE600E6DB16 /* GHViewController.h */,
				D292FD08189DC9ED000874FB /* DoAction */,
				D244C2FE189CEB6100E6DB16 /* Images.xcassets */,
				D244C2F5189CEB6100E6DB16 /* SSAppDelegate.h */,
				D244C2F6189CEB6100E6DB16 /* SSAppDelegate.m */,
				D244C33A189CEBEA00E6DB16 /* Images */,
				D244C2ED189CEB6100E6DB16 /* Supporting Files */,
			);
			path = "Swing Local";
			sourceTree = "<group>";
		};
		D244C2ED189CEB6100E6DB16 /* Supporting Files */ = {
			isa = PBXGroup;
			children = (
				D244C2EE189CEB6100E6DB16 /* Swing Local-Info.plist */,
				D244C2EF189CEB6100E6DB16 /* InfoPlist.strings */,
				D244C2F2189CEB6100E6DB16 /* main.m */,
				D244C2F4189CEB6100E6DB16 /* Swing Local-Prefix.pch */,
			);
			name = "Supporting Files";
			sourceTree = "<group>";
		};
		D244C30B189CEB6100E6DB16 /* Swing LocalTests */ = {
			isa = PBXGroup;
			children = (
				D244C311189CEB6100E6DB16 /* Swing_LocalTests.m */,
				D244C30C189CEB6100E6DB16 /* Supporting Files */,
			);
			path = "Swing LocalTests";
			sourceTree = "<group>";
		};
		D244C30C189CEB6100E6DB16 /* Supporting Files */ = {
			isa = PBXGroup;
			children = (
				D244C30D189CEB6100E6DB16 /* Swing LocalTests-Info.plist */,
				D244C30E189CEB6100E6DB16 /* InfoPlist.strings */,
			);
			name = "Supporting Files";
			sourceTree = "<group>";
		};
		D244C33A189CEBEA00E6DB16 /* Images */ = {
			isa = PBXGroup;
			children = (
				D244C33B189CEBF100E6DB16 /* bg_01.png */,
				D244C33C189CEBF100E6DB16 /* bg_02.png */,
				D244C33D189CEBF100E6DB16 /* bg_03.png */,
				D244C332189CEBE500E6DB16 /* menu-gear.png */,
				D244C333189CEBE600E6DB16 /* menu-gear@2x.png */,
				D244C334189CEBE600E6DB16 /* menu.png */,
				D244C335189CEBE600E6DB16 /* menu@2x.png */,
			);
			name = Images;
			sourceTree = "<group>";
		};
		D244C345189CEC6500E6DB16 /* Views */ = {
			isa = PBXGroup;
			children = (
				D244C31F189CEB9000E6DB16 /* HomeView.h */,
				D244C32A189CEBCC00E6DB16 /* HomeView.m */,
				D244C321189CEB9000E6DB16 /* MainView.h */,
				D244C343189CEC5C00E6DB16 /* MainView.m */,
			);
			name = Views;
			sourceTree = "<group>";
		};
		D244C348189CEC8100E6DB16 /* Categories */ = {
			isa = PBXGroup;
			children = (
				D244C323189CEBA100E6DB16 /* UIColor+SwingLocal.h */,
				D244C346189CEC7A00E6DB16 /* UIColor+SwingLocal.m */,
			);
			name = Categories;
			sourceTree = "<group>";
		};
		D244C352189CECBB00E6DB16 /* SplitPeekViewController */ = {
			isa = PBXGroup;
			children = (
				D244C349189CECA700E6DB16 /* BackViewController.h */,
				D244C34A189CECA700E6DB16 /* BackViewController.m */,
				D244C34C189CECAE00E6DB16 /* FrontViewController.h */,
				D244C34D189CECAE00E6DB16 /* FrontViewController.m */,
				D244C34F189CECB800E6DB16 /* SplitViewController.h */,
				D244C350189CECB800E6DB16 /* SplitViewController.m */,
			);
			name = SplitPeekViewController;
			sourceTree = "<group>";
		};
		D244C356189CECE600E6DB16 /* GHViewController.h */ = {
			isa = PBXGroup;
			children = (
				D244C353189CECDB00E6DB16 /* GHViewController.h */,
				D244C354189CECDB00E6DB16 /* GHViewController.m */,
				D244C35D189CECF500E6DB16 /* View */,
			);
			name = GHViewController.h;
			sourceTree = "<group>";
		};
		D244C35D189CECF500E6DB16 /* View */ = {
			isa = PBXGroup;
			children = (
				D244C357189CECF100E6DB16 /* GHWalkThroughPageCell.h */,
				D244C358189CECF100E6DB16 /* GHWalkThroughPageCell.m */,
				D244C359189CECF100E6DB16 /* GHWalkThroughView.h */,
				D244C35A189CECF100E6DB16 /* GHWalkThroughView.m */,
			);
			name = View;
			sourceTree = "<group>";
		};
		D292FD08189DC9ED000874FB /* DoAction */ = {
			isa = PBXGroup;
			children = (
				D292FD09189DC9FD000874FB /* UIImage-ResizeMagick */,
				D292FD05189DC9DE000874FB /* DoActionSheet.h */,
				D292FD06189DC9DE000874FB /* DoActionSheet.m */,
			);
			name = DoAction;
			sourceTree = "<group>";
		};
		D292FD09189DC9FD000874FB /* UIImage-ResizeMagick */ = {
			isa = PBXGroup;
			children = (
				D292FD0D189DC9FD000874FB /* UIImage+ResizeMagick.h */,
				D292FD0E189DC9FD000874FB /* UIImage+ResizeMagick.m */,
			);
			name = "UIImage-ResizeMagick";
			path = "../../DoActionSheet/TestActionSheet/3rdSource/UIImage-ResizeMagick";
			sourceTree = "<group>";
		};
		D292FD15189DCA65000874FB /* Controllers */ = {
			isa = PBXGroup;
			children = (
				D224C523189D017000923370 /* SSFrontViewController.h */,
				D224C524189D017000923370 /* SSFrontViewController.m */,
				D224C527189D021400923370 /* SSBackViewController.h */,
				D224C528189D021400923370 /* SSBackViewController.m */,
			);
			name = Controllers;
			sourceTree = "<group>";
		};
		D292FD19189DCA88000874FB /* Views */ = {
			isa = PBXGroup;
			children = (
				D292FD16189DCA85000874FB /* SSActionSheet.h */,
				D292FD17189DCA85000874FB /* SSActionSheet.m */,
			);
			name = Views;
			sourceTree = "<group>";
		};
		D292FD1D189E1E8B000874FB /* Models */ = {
			isa = PBXGroup;
			children = (
				D292FD1E189E32DA000874FB /* Managers */,
			);
			name = Models;
			sourceTree = "<group>";
		};
		D292FD1E189E32DA000874FB /* Managers */ = {
			isa = PBXGroup;
			children = (
				D292FD1A189E1E87000874FB /* HomePageManager.h */,
				D292FD1B189E1E87000874FB /* HomePageManager.m */,
				D292FD1F189E32FD000874FB /* EventObject.h */,
				D292FD20189E32FD000874FB /* EventObject.m */,
			);
			name = Managers;
			sourceTree = "<group>";
		};
/* End PBXGroup section */

/* Begin PBXNativeTarget section */
		D244C2E2189CEB6100E6DB16 /* Swing Local */ = {
			isa = PBXNativeTarget;
			buildConfigurationList = D244C315189CEB6100E6DB16 /* Build configuration list for PBXNativeTarget "Swing Local" */;
			buildPhases = (
				D244C2DF189CEB6100E6DB16 /* Sources */,
				D244C2E0189CEB6100E6DB16 /* Frameworks */,
				D244C2E1189CEB6100E6DB16 /* Resources */,
			);
			buildRules = (
			);
			dependencies = (
			);
			name = "Swing Local";
			productName = "Swing Local";
			productReference = D244C2E3189CEB6100E6DB16 /* Swing Local.app */;
			productType = "com.apple.product-type.application";
		};
		D244C303189CEB6100E6DB16 /* Swing LocalTests */ = {
			isa = PBXNativeTarget;
			buildConfigurationList = D244C318189CEB6100E6DB16 /* Build configuration list for PBXNativeTarget "Swing LocalTests" */;
			buildPhases = (
				D244C300189CEB6100E6DB16 /* Sources */,
				D244C301189CEB6100E6DB16 /* Frameworks */,
				D244C302189CEB6100E6DB16 /* Resources */,
			);
			buildRules = (
			);
			dependencies = (
				D244C30A189CEB6100E6DB16 /* PBXTargetDependency */,
			);
			name = "Swing LocalTests";
			productName = "Swing LocalTests";
			productReference = D244C304189CEB6100E6DB16 /* Swing LocalTests.xctest */;
			productType = "com.apple.product-type.bundle.unit-test";
		};
/* End PBXNativeTarget section */

/* Begin PBXProject section */
		D244C2DB189CEB6100E6DB16 /* Project object */ = {
			isa = PBXProject;
			attributes = {
				CLASSPREFIX = SS;
				LastUpgradeCheck = 0500;
				ORGANIZATIONNAME = "Steven Stevenson";
				TargetAttributes = {
					D244C303189CEB6100E6DB16 = {
						TestTargetID = D244C2E2189CEB6100E6DB16;
					};
				};
			};
			buildConfigurationList = D244C2DE189CEB6100E6DB16 /* Build configuration list for PBXProject "Swing Local" */;
			compatibilityVersion = "Xcode 3.2";
			developmentRegion = English;
			hasScannedForEncodings = 0;
			knownRegions = (
				en,
				Base,
			);
			mainGroup = D244C2DA189CEB6100E6DB16;
			productRefGroup = D244C2E4189CEB6100E6DB16 /* Products */;
			projectDirPath = "";
			projectRoot = "";
			targets = (
				D244C2E2189CEB6100E6DB16 /* Swing Local */,
				D244C303189CEB6100E6DB16 /* Swing LocalTests */,
			);
		};
/* End PBXProject section */

/* Begin PBXResourcesBuildPhase section */
		D244C2E1189CEB6100E6DB16 /* Resources */ = {
			isa = PBXResourcesBuildPhase;
			buildActionMask = 2147483647;
			files = (
				D244C33F189CEBF100E6DB16 /* bg_02.png in Resources */,
				D244C2FF189CEB6100E6DB16 /* Images.xcassets in Resources */,
				D244C339189CEBE600E6DB16 /* menu@2x.png in Resources */,
				D244C336189CEBE600E6DB16 /* menu-gear.png in Resources */,
				D244C338189CEBE600E6DB16 /* menu.png in Resources */,
				D244C2F1189CEB6100E6DB16 /* InfoPlist.strings in Resources */,
				D244C33E189CEBF100E6DB16 /* bg_01.png in Resources */,
				D244C340189CEBF100E6DB16 /* bg_03.png in Resources */,
				D244C337189CEBE600E6DB16 /* menu-gear@2x.png in Resources */,
				D244C325189CEBAE00E6DB16 /* Main.storyboard in Resources */,
			);
			runOnlyForDeploymentPostprocessing = 0;
		};
		D244C302189CEB6100E6DB16 /* Resources */ = {
			isa = PBXResourcesBuildPhase;
			buildActionMask = 2147483647;
			files = (
				D244C310189CEB6100E6DB16 /* InfoPlist.strings in Resources */,
			);
			runOnlyForDeploymentPostprocessing = 0;
		};
/* End PBXResourcesBuildPhase section */

/* Begin PBXSourcesBuildPhase section */
		D244C2DF189CEB6100E6DB16 /* Sources */ = {
			isa = PBXSourcesBuildPhase;
			buildActionMask = 2147483647;
			files = (
				D244C34E189CECAE00E6DB16 /* FrontViewController.m in Sources */,
				D244C35B189CECF100E6DB16 /* GHWalkThroughPageCell.m in Sources */,
				D224C525189D017000923370 /* SSFrontViewController.m in Sources */,
				D244C344189CEC5C00E6DB16 /* MainView.m in Sources */,
				D292FD18189DCA85000874FB /* SSActionSheet.m in Sources */,
				D244C331189CEBCC00E6DB16 /* InitialViewController.m in Sources */,
				D244C35C189CECF100E6DB16 /* GHWalkThroughView.m in Sources */,
				D244C34B189CECA700E6DB16 /* BackViewController.m in Sources */,
				D224C529189D021400923370 /* SSBackViewController.m in Sources */,
				D292FD21189E32FD000874FB /* EventObject.m in Sources */,
				D244C347189CEC7A00E6DB16 /* UIColor+SwingLocal.m in Sources */,
				D244C330189CEBCC00E6DB16 /* HomeView.m in Sources */,
				D292FD1C189E1E87000874FB /* HomePageManager.m in Sources */,
				D244C2F7189CEB6100E6DB16 /* SSAppDelegate.m in Sources */,
				D292FD13189DC9FD000874FB /* UIImage+ResizeMagick.m in Sources */,
				D292FD07189DC9DE000874FB /* DoActionSheet.m in Sources */,
				D244C355189CECDB00E6DB16 /* GHViewController.m in Sources */,
				D244C351189CECB800E6DB16 /* SplitViewController.m in Sources */,
				D244C2F3189CEB6100E6DB16 /* main.m in Sources */,
			);
			runOnlyForDeploymentPostprocessing = 0;
		};
		D244C300189CEB6100E6DB16 /* Sources */ = {
			isa = PBXSourcesBuildPhase;
			buildActionMask = 2147483647;
			files = (
				D244C312189CEB6100E6DB16 /* Swing_LocalTests.m in Sources */,
			);
			runOnlyForDeploymentPostprocessing = 0;
		};
/* End PBXSourcesBuildPhase section */

/* Begin PBXTargetDependency section */
		D244C30A189CEB6100E6DB16 /* PBXTargetDependency */ = {
			isa = PBXTargetDependency;
			target = D244C2E2189CEB6100E6DB16 /* Swing Local */;
			targetProxy = D244C309189CEB6100E6DB16 /* PBXContainerItemProxy */;
		};
/* End PBXTargetDependency section */

/* Begin PBXVariantGroup section */
		D244C2EF189CEB6100E6DB16 /* InfoPlist.strings */ = {
			isa = PBXVariantGroup;
			children = (
				D244C2F0189CEB6100E6DB16 /* en */,
			);
			name = InfoPlist.strings;
			sourceTree = "<group>";
		};
		D244C30E189CEB6100E6DB16 /* InfoPlist.strings */ = {
			isa = PBXVariantGroup;
			children = (
				D244C30F189CEB6100E6DB16 /* en */,
			);
			name = InfoPlist.strings;
			sourceTree = "<group>";
		};
/* End PBXVariantGroup section */

/* Begin XCBuildConfiguration section */
		D244C313189CEB6100E6DB16 /* Debug */ = {
			isa = XCBuildConfiguration;
			buildSettings = {
				ALWAYS_SEARCH_USER_PATHS = NO;
				ARCHS = "$(ARCHS_STANDARD_INCLUDING_64_BIT)";
				CLANG_CXX_LANGUAGE_STANDARD = "gnu++0x";
				CLANG_CXX_LIBRARY = "libc++";
				CLANG_ENABLE_MODULES = YES;
				CLANG_ENABLE_OBJC_ARC = YES;
				CLANG_WARN_BOOL_CONVERSION = YES;
				CLANG_WARN_CONSTANT_CONVERSION = YES;
				CLANG_WARN_DIRECT_OBJC_ISA_USAGE = YES_ERROR;
				CLANG_WARN_EMPTY_BODY = YES;
				CLANG_WARN_ENUM_CONVERSION = YES;
				CLANG_WARN_INT_CONVERSION = YES;
				CLANG_WARN_OBJC_ROOT_CLASS = YES_ERROR;
				CLANG_WARN__DUPLICATE_METHOD_MATCH = YES;
				"CODE_SIGN_IDENTITY[sdk=iphoneos*]" = "iPhone Developer";
				COPY_PHASE_STRIP = NO;
				GCC_C_LANGUAGE_STANDARD = gnu99;
				GCC_DYNAMIC_NO_PIC = NO;
				GCC_OPTIMIZATION_LEVEL = 0;
				GCC_PREPROCESSOR_DEFINITIONS = (
					"DEBUG=1",
					"$(inherited)",
				);
				GCC_SYMBOLS_PRIVATE_EXTERN = NO;
				GCC_WARN_64_TO_32_BIT_CONVERSION = YES;
				GCC_WARN_ABOUT_RETURN_TYPE = YES_ERROR;
				GCC_WARN_UNDECLARED_SELECTOR = YES;
				GCC_WARN_UNINITIALIZED_AUTOS = YES;
				GCC_WARN_UNUSED_FUNCTION = YES;
				GCC_WARN_UNUSED_VARIABLE = YES;
				IPHONEOS_DEPLOYMENT_TARGET = 7.0;
				ONLY_ACTIVE_ARCH = YES;
				SDKROOT = iphoneos;
			};
			name = Debug;
		};
		D244C314189CEB6100E6DB16 /* Release */ = {
			isa = XCBuildConfiguration;
			buildSettings = {
				ALWAYS_SEARCH_USER_PATHS = NO;
				ARCHS = "$(ARCHS_STANDARD_INCLUDING_64_BIT)";
				CLANG_CXX_LANGUAGE_STANDARD = "gnu++0x";
				CLANG_CXX_LIBRARY = "libc++";
				CLANG_ENABLE_MODULES = YES;
				CLANG_ENABLE_OBJC_ARC = YES;
				CLANG_WARN_BOOL_CONVERSION = YES;
				CLANG_WARN_CONSTANT_CONVERSION = YES;
				CLANG_WARN_DIRECT_OBJC_ISA_USAGE = YES_ERROR;
				CLANG_WARN_EMPTY_BODY = YES;
				CLANG_WARN_ENUM_CONVERSION = YES;
				CLANG_WARN_INT_CONVERSION = YES;
				CLANG_WARN_OBJC_ROOT_CLASS = YES_ERROR;
				CLANG_WARN__DUPLICATE_METHOD_MATCH = YES;
				"CODE_SIGN_IDENTITY[sdk=iphoneos*]" = "iPhone Developer";
				COPY_PHASE_STRIP = YES;
				ENABLE_NS_ASSERTIONS = NO;
				GCC_C_LANGUAGE_STANDARD = gnu99;
				GCC_WARN_64_TO_32_BIT_CONVERSION = YES;
				GCC_WARN_ABOUT_RETURN_TYPE = YES_ERROR;
				GCC_WARN_UNDECLARED_SELECTOR = YES;
				GCC_WARN_UNINITIALIZED_AUTOS = YES;
				GCC_WARN_UNUSED_FUNCTION = YES;
				GCC_WARN_UNUSED_VARIABLE = YES;
				IPHONEOS_DEPLOYMENT_TARGET = 7.0;
				SDKROOT = iphoneos;
				VALIDATE_PRODUCT = YES;
			};
			name = Release;
		};
		D244C316189CEB6100E6DB16 /* Debug */ = {
			isa = XCBuildConfiguration;
			buildSettings = {
				ASSETCATALOG_COMPILER_APPICON_NAME = AppIcon;
				ASSETCATALOG_COMPILER_LAUNCHIMAGE_NAME = LaunchImage;
				GCC_PRECOMPILE_PREFIX_HEADER = YES;
				GCC_PREFIX_HEADER = "Swing Local/Swing Local-Prefix.pch";
				INFOPLIST_FILE = "Swing Local/Swing Local-Info.plist";
				PRODUCT_NAME = "$(TARGET_NAME)";
				WRAPPER_EXTENSION = app;
			};
			name = Debug;
		};
		D244C317189CEB6100E6DB16 /* Release */ = {
			isa = XCBuildConfiguration;
			buildSettings = {
				ASSETCATALOG_COMPILER_APPICON_NAME = AppIcon;
				ASSETCATALOG_COMPILER_LAUNCHIMAGE_NAME = LaunchImage;
				GCC_PRECOMPILE_PREFIX_HEADER = YES;
				GCC_PREFIX_HEADER = "Swing Local/Swing Local-Prefix.pch";
				INFOPLIST_FILE = "Swing Local/Swing Local-Info.plist";
				PRODUCT_NAME = "$(TARGET_NAME)";
				WRAPPER_EXTENSION = app;
			};
			name = Release;
		};
		D244C319189CEB6100E6DB16 /* Debug */ = {
			isa = XCBuildConfiguration;
			buildSettings = {
				ARCHS = "$(ARCHS_STANDARD_INCLUDING_64_BIT)";
				BUNDLE_LOADER = "$(BUILT_PRODUCTS_DIR)/Swing Local.app/Swing Local";
				FRAMEWORK_SEARCH_PATHS = (
					"$(SDKROOT)/Developer/Library/Frameworks",
					"$(inherited)",
					"$(DEVELOPER_FRAMEWORKS_DIR)",
				);
				GCC_PRECOMPILE_PREFIX_HEADER = YES;
				GCC_PREFIX_HEADER = "Swing Local/Swing Local-Prefix.pch";
				GCC_PREPROCESSOR_DEFINITIONS = (
					"DEBUG=1",
					"$(inherited)",
				);
				INFOPLIST_FILE = "Swing LocalTests/Swing LocalTests-Info.plist";
				PRODUCT_NAME = "$(TARGET_NAME)";
				TEST_HOST = "$(BUNDLE_LOADER)";
				WRAPPER_EXTENSION = xctest;
			};
			name = Debug;
		};
		D244C31A189CEB6100E6DB16 /* Release */ = {
			isa = XCBuildConfiguration;
			buildSettings = {
				ARCHS = "$(ARCHS_STANDARD_INCLUDING_64_BIT)";
				BUNDLE_LOADER = "$(BUILT_PRODUCTS_DIR)/Swing Local.app/Swing Local";
				FRAMEWORK_SEARCH_PATHS = (
					"$(SDKROOT)/Developer/Library/Frameworks",
					"$(inherited)",
					"$(DEVELOPER_FRAMEWORKS_DIR)",
				);
				GCC_PRECOMPILE_PREFIX_HEADER = YES;
				GCC_PREFIX_HEADER = "Swing Local/Swing Local-Prefix.pch";
				INFOPLIST_FILE = "Swing LocalTests/Swing LocalTests-Info.plist";
				PRODUCT_NAME = "$(TARGET_NAME)";
				TEST_HOST = "$(BUNDLE_LOADER)";
				WRAPPER_EXTENSION = xctest;
			};
			name = Release;
		};
/* End XCBuildConfiguration section */

/* Begin XCConfigurationList section */
		D244C2DE189CEB6100E6DB16 /* Build configuration list for PBXProject "Swing Local" */ = {
			isa = XCConfigurationList;
			buildConfigurations = (
				D244C313189CEB6100E6DB16 /* Debug */,
				D244C314189CEB6100E6DB16 /* Release */,
			);
			defaultConfigurationIsVisible = 0;
			defaultConfigurationName = Release;
		};
		D244C315189CEB6100E6DB16 /* Build configuration list for PBXNativeTarget "Swing Local" */ = {
			isa = XCConfigurationList;
			buildConfigurations = (
				D244C316189CEB6100E6DB16 /* Debug */,
				D244C317189CEB6100E6DB16 /* Release */,
			);
			defaultConfigurationIsVisible = 0;
			defaultConfigurationName = Release;
		};
		D244C318189CEB6100E6DB16 /* Build configuration list for PBXNativeTarget "Swing LocalTests" */ = {
			isa = XCConfigurationList;
			buildConfigurations = (
				D244C319189CEB6100E6DB16 /* Debug */,
				D244C31A189CEB6100E6DB16 /* Release */,
			);
			defaultConfigurationIsVisible = 0;
			defaultConfigurationName = Release;
		};
/* End XCConfigurationList section */
	};
	rootObject = D244C2DB189CEB6100E6DB16 /* Project object */;
}
