// !$*UTF8*$!
{
	archiveVersion = 1;
	classes = {
	};
	objectVersion = 46;
	objects = {

/* Begin PBXBuildFile section */
		850EA0662F1A4443888886AC /* libPods.a in Frameworks */ = {isa = PBXBuildFile; fileRef = 7C876B9746D5484BBC958FD8 /* libPods.a */; };
		D20B26D0189F942300F461CE /* DoActionSheet.m in Sources */ = {isa = PBXBuildFile; fileRef = D20B26CD189F942300F461CE /* DoActionSheet.m */; };
		D20B26D1189F942300F461CE /* UIImage+ResizeMagick.m in Sources */ = {isa = PBXBuildFile; fileRef = D20B26CF189F942300F461CE /* UIImage+ResizeMagick.m */; };
		D210AA2F18CD683600575B52 /* SSPagedView.m in Sources */ = {isa = PBXBuildFile; fileRef = D210AA2E18CD683600575B52 /* SSPagedView.m */; };
		D210AA3118CD76F000575B52 /* 3d-wallpaper-dans-3d-hd-desktop-wallpapers-romania-640x400.jpg in Resources */ = {isa = PBXBuildFile; fileRef = D210AA3018CD76F000575B52 /* 3d-wallpaper-dans-3d-hd-desktop-wallpapers-romania-640x400.jpg */; };
		D21C1ADA18A617A700D238CE /* DetailView.xib in Resources */ = {isa = PBXBuildFile; fileRef = D21C1AD918A617A700D238CE /* DetailView.xib */; };
		D224C525189D017000923370 /* SSFrontViewController.m in Sources */ = {isa = PBXBuildFile; fileRef = D224C524189D017000923370 /* SSFrontViewController.m */; };
		D224C529189D021400923370 /* SSBackViewController.m in Sources */ = {isa = PBXBuildFile; fileRef = D224C528189D021400923370 /* SSBackViewController.m */; };
		D22BF0C818A471D60036783D /* Occurrence.m in Sources */ = {isa = PBXBuildFile; fileRef = D22BF0C718A471D60036783D /* Occurrence.m */; };
		D22BF0D218A4B4010036783D /* DetailView.m in Sources */ = {isa = PBXBuildFile; fileRef = D22BF0D118A4B4010036783D /* DetailView.m */; };
		D22BF0DB18A4BC3A0036783D /* BackViewController.m in Sources */ = {isa = PBXBuildFile; fileRef = D22BF0D618A4BC3A0036783D /* BackViewController.m */; };
		D22BF0DC18A4BC3A0036783D /* FrontViewController.m in Sources */ = {isa = PBXBuildFile; fileRef = D22BF0D818A4BC3A0036783D /* FrontViewController.m */; };
		D22BF0DD18A4BC3A0036783D /* SplitViewController.m in Sources */ = {isa = PBXBuildFile; fileRef = D22BF0D918A4BC3A0036783D /* SplitViewController.m */; };
		D23181F618A5A79700A251B6 /* DateRangeSelectorView.m in Sources */ = {isa = PBXBuildFile; fileRef = D23181F518A5A79700A251B6 /* DateRangeSelectorView.m */; };
		D23181FA18A5A96E00A251B6 /* DateRangeSelector.xib in Resources */ = {isa = PBXBuildFile; fileRef = D23181F918A5A96E00A251B6 /* DateRangeSelector.xib */; };
		D23181FD18A5B7CA00A251B6 /* NSDate+SwingLocal.m in Sources */ = {isa = PBXBuildFile; fileRef = D23181FC18A5B7CA00A251B6 /* NSDate+SwingLocal.m */; };
		D244C2E7189CEB6100E6DB16 /* Foundation.framework in Frameworks */ = {isa = PBXBuildFile; fileRef = D244C2E6189CEB6100E6DB16 /* Foundation.framework */; };
		D244C2E9189CEB6100E6DB16 /* CoreGraphics.framework in Frameworks */ = {isa = PBXBuildFile; fileRef = D244C2E8189CEB6100E6DB16 /* CoreGraphics.framework */; };
		D244C2EB189CEB6100E6DB16 /* UIKit.framework in Frameworks */ = {isa = PBXBuildFile; fileRef = D244C2EA189CEB6100E6DB16 /* UIKit.framework */; };
		D244C2F1189CEB6100E6DB16 /* InfoPlist.strings in Resources */ = {isa = PBXBuildFile; fileRef = D244C2EF189CEB6100E6DB16 /* InfoPlist.strings */; };
		D244C2F3189CEB6100E6DB16 /* main.m in Sources */ = {isa = PBXBuildFile; fileRef = D244C2F2189CEB6100E6DB16 /* main.m */; };
		D244C2F7189CEB6100E6DB16 /* SSAppDelegate.m in Sources */ = {isa = PBXBuildFile; fileRef = D244C2F6189CEB6100E6DB16 /* SSAppDelegate.m */; };
		D244C2FF189CEB6100E6DB16 /* Images.xcassets in Resources */ = {isa = PBXBuildFile; fileRef = D244C2FE189CEB6100E6DB16 /* Images.xcassets */; };
		D244C306189CEB6100E6DB16 /* XCTest.framework in Frameworks */ = {isa = PBXBuildFile; fileRef = D244C305189CEB6100E6DB16 /* XCTest.framework */; };
		D244C307189CEB6100E6DB16 /* Foundation.framework in Frameworks */ = {isa = PBXBuildFile; fileRef = D244C2E6189CEB6100E6DB16 /* Foundation.framework */; };
		D244C308189CEB6100E6DB16 /* UIKit.framework in Frameworks */ = {isa = PBXBuildFile; fileRef = D244C2EA189CEB6100E6DB16 /* UIKit.framework */; };
		D244C310189CEB6100E6DB16 /* InfoPlist.strings in Resources */ = {isa = PBXBuildFile; fileRef = D244C30E189CEB6100E6DB16 /* InfoPlist.strings */; };
		D244C312189CEB6100E6DB16 /* Swing_LocalTests.m in Sources */ = {isa = PBXBuildFile; fileRef = D244C311189CEB6100E6DB16 /* Swing_LocalTests.m */; };
		D244C330189CEBCC00E6DB16 /* HomeView.m in Sources */ = {isa = PBXBuildFile; fileRef = D244C32A189CEBCC00E6DB16 /* HomeView.m */; };
		D244C331189CEBCC00E6DB16 /* AppTutorialViewController.m in Sources */ = {isa = PBXBuildFile; fileRef = D244C32B189CEBCC00E6DB16 /* AppTutorialViewController.m */; };
		D244C336189CEBE600E6DB16 /* menu-gear.png in Resources */ = {isa = PBXBuildFile; fileRef = D244C332189CEBE500E6DB16 /* menu-gear.png */; };
		D244C337189CEBE600E6DB16 /* menu-gear@2x.png in Resources */ = {isa = PBXBuildFile; fileRef = D244C333189CEBE600E6DB16 /* menu-gear@2x.png */; };
		D244C338189CEBE600E6DB16 /* menu.png in Resources */ = {isa = PBXBuildFile; fileRef = D244C334189CEBE600E6DB16 /* menu.png */; };
		D244C339189CEBE600E6DB16 /* menu@2x.png in Resources */ = {isa = PBXBuildFile; fileRef = D244C335189CEBE600E6DB16 /* menu@2x.png */; };
		D244C33E189CEBF100E6DB16 /* bg_01.png in Resources */ = {isa = PBXBuildFile; fileRef = D244C33B189CEBF100E6DB16 /* bg_01.png */; };
		D244C33F189CEBF100E6DB16 /* bg_02.png in Resources */ = {isa = PBXBuildFile; fileRef = D244C33C189CEBF100E6DB16 /* bg_02.png */; };
		D244C340189CEBF100E6DB16 /* bg_03.png in Resources */ = {isa = PBXBuildFile; fileRef = D244C33D189CEBF100E6DB16 /* bg_03.png */; };
		D244C344189CEC5C00E6DB16 /* MainView.m in Sources */ = {isa = PBXBuildFile; fileRef = D244C343189CEC5C00E6DB16 /* MainView.m */; };
		D244C347189CEC7A00E6DB16 /* UIColor+SwingLocal.m in Sources */ = {isa = PBXBuildFile; fileRef = D244C346189CEC7A00E6DB16 /* UIColor+SwingLocal.m */; };
		D2471F3418C59C1B00F1A15C /* SSEventSubWrapperView.m in Sources */ = {isa = PBXBuildFile; fileRef = D2471F3318C59C1B00F1A15C /* SSEventSubWrapperView.m */; };
		D2471F3618C5A41F00F1A15C /* MapKit.framework in Frameworks */ = {isa = PBXBuildFile; fileRef = D2471F3518C5A41F00F1A15C /* MapKit.framework */; };
		D252264018CDCFBA001A8862 /* SSStackedPageView.m in Sources */ = {isa = PBXBuildFile; fileRef = D252263F18CDCFBA001A8862 /* SSStackedPageView.m */; };
		D26ECBDD18ADF47600B388EA /* M13ProgressView.m in Sources */ = {isa = PBXBuildFile; fileRef = D26ECBDC18ADF47600B388EA /* M13ProgressView.m */; };
		D26ECBE018ADF48100B388EA /* M13ProgressViewStripedBar.m in Sources */ = {isa = PBXBuildFile; fileRef = D26ECBDF18ADF48100B388EA /* M13ProgressViewStripedBar.m */; };
		D2779B4918B538710062D34C /* Crashlytics.framework in Frameworks */ = {isa = PBXBuildFile; fileRef = D2779B4818B538710062D34C /* Crashlytics.framework */; };
		D28E0FA718C595200038EB48 /* SSCityEventController.m in Sources */ = {isa = PBXBuildFile; fileRef = D28E0FA618C595200038EB48 /* SSCityEventController.m */; };
		D28E0FAA18C595B30038EB48 /* SSEventTableView.m in Sources */ = {isa = PBXBuildFile; fileRef = D28E0FA918C595B30038EB48 /* SSEventTableView.m */; };
		D28E0FAD18C596420038EB48 /* SSEventTableHeaderView.m in Sources */ = {isa = PBXBuildFile; fileRef = D28E0FAC18C596420038EB48 /* SSEventTableHeaderView.m */; };
		D28E0FAF18C596E00038EB48 /* SSMapView.xib in Resources */ = {isa = PBXBuildFile; fileRef = D28E0FAE18C596E00038EB48 /* SSMapView.xib */; };
		D28E0FB118C596EF0038EB48 /* PhotographerCoverView.xib in Resources */ = {isa = PBXBuildFile; fileRef = D28E0FB018C596EF0038EB48 /* PhotographerCoverView.xib */; };
		D28E0FB418C5970C0038EB48 /* SSPhotoBackgroundView.m in Sources */ = {isa = PBXBuildFile; fileRef = D28E0FB318C5970C0038EB48 /* SSPhotoBackgroundView.m */; };
		D28E0FB718C597700038EB48 /* SSMapView.m in Sources */ = {isa = PBXBuildFile; fileRef = D28E0FB618C597700038EB48 /* SSMapView.m */; };
		D28E0FBB18C599CF0038EB48 /* 51a837d5a18a756793.jpg in Resources */ = {isa = PBXBuildFile; fileRef = D28E0FB818C599CF0038EB48 /* 51a837d5a18a756793.jpg */; };
		D28E0FBC18C599CF0038EB48 /* SwingLocalLogo-Map.png in Resources */ = {isa = PBXBuildFile; fileRef = D28E0FB918C599CF0038EB48 /* SwingLocalLogo-Map.png */; };
		D28E0FBD18C599CF0038EB48 /* SwingLocalLogo-Pin_circlebg.png in Resources */ = {isa = PBXBuildFile; fileRef = D28E0FBA18C599CF0038EB48 /* SwingLocalLogo-Pin_circlebg.png */; };
		D292FD18189DCA85000874FB /* SSActionSheet.m in Sources */ = {isa = PBXBuildFile; fileRef = D292FD17189DCA85000874FB /* SSActionSheet.m */; };
		D292FD1C189E1E87000874FB /* HomePageManager.m in Sources */ = {isa = PBXBuildFile; fileRef = D292FD1B189E1E87000874FB /* HomePageManager.m */; };
		D2941B2318AC5C7400AFFC92 /* CityAnnotation.m in Sources */ = {isa = PBXBuildFile; fileRef = D2941B2218AC5C7400AFFC92 /* CityAnnotation.m */; };
		D2941B2718AC844700AFFC92 /* OccAnnotation.m in Sources */ = {isa = PBXBuildFile; fileRef = D2941B2618AC844700AFFC92 /* OccAnnotation.m */; };
		D2A07F9B189F534C002F11DA /* UserOptions.m in Sources */ = {isa = PBXBuildFile; fileRef = D2A07F98189F534C002F11DA /* UserOptions.m */; };
		D2A07F9C189F534C002F11DA /* Event.m in Sources */ = {isa = PBXBuildFile; fileRef = D2A07F9A189F534C002F11DA /* Event.m */; };
		D2A07F9F189F535D002F11DA /* Venue.m in Sources */ = {isa = PBXBuildFile; fileRef = D2A07F9E189F535D002F11DA /* Venue.m */; };
		D2A07FA2189F537A002F11DA /* HollowButton.m in Sources */ = {isa = PBXBuildFile; fileRef = D2A07FA1189F537A002F11DA /* HollowButton.m */; };
		D2A07FA5189F5382002F11DA /* EventsTableView.m in Sources */ = {isa = PBXBuildFile; fileRef = D2A07FA4189F5382002F11DA /* EventsTableView.m */; };
		D2A07FA8189F5387002F11DA /* EventsTableViewModel.m in Sources */ = {isa = PBXBuildFile; fileRef = D2A07FA7189F5387002F11DA /* EventsTableViewModel.m */; };
		D2A07FAB189F539A002F11DA /* City.m in Sources */ = {isa = PBXBuildFile; fileRef = D2A07FAA189F539A002F11DA /* City.m */; };
		D2A07FAD189F542D002F11DA /* Main.storyboard in Resources */ = {isa = PBXBuildFile; fileRef = D2A07FAC189F542D002F11DA /* Main.storyboard */; };
		D2A07FBD189F8602002F11DA /* NewsView.m in Sources */ = {isa = PBXBuildFile; fileRef = D2A07FBC189F8602002F11DA /* NewsView.m */; };
		D2C8ED7518A94D8800164C68 /* LocalNotificationManager.m in Sources */ = {isa = PBXBuildFile; fileRef = D2C8ED7418A94D8800164C68 /* LocalNotificationManager.m */; };
		D2CEBE6718CCDA5400ABA6D0 /* SSHomeViewController.m in Sources */ = {isa = PBXBuildFile; fileRef = D2CEBE6618CCDA5400ABA6D0 /* SSHomeViewController.m */; };
		D2DD655218AFC89200326DEB /* EventTableViewCell.m in Sources */ = {isa = PBXBuildFile; fileRef = D2DD655118AFC89200326DEB /* EventTableViewCell.m */; };
		D2E688FA18A013BC00A6BD51 /* RootViewController.m in Sources */ = {isa = PBXBuildFile; fileRef = D2E688F918A013BC00A6BD51 /* RootViewController.m */; };
		D2E688FD18A014F000A6BD51 /* CustomSegue.m in Sources */ = {isa = PBXBuildFile; fileRef = D2E688FC18A014F000A6BD51 /* CustomSegue.m */; };
		D2E6890118A020C900A6BD51 /* SplitControllerSegue.m in Sources */ = {isa = PBXBuildFile; fileRef = D2E6890018A020C900A6BD51 /* SplitControllerSegue.m */; };
		D2E6890418A0292100A6BD51 /* HomeViewController.m in Sources */ = {isa = PBXBuildFile; fileRef = D2E6890318A0292100A6BD51 /* HomeViewController.m */; };
		D2E6890718A02EB100A6BD51 /* NewsViewController.m in Sources */ = {isa = PBXBuildFile; fileRef = D2E6890618A02EB100A6BD51 /* NewsViewController.m */; };
		D2E6890A18A02EC000A6BD51 /* CalendarviewController.m in Sources */ = {isa = PBXBuildFile; fileRef = D2E6890918A02EC000A6BD51 /* CalendarviewController.m */; };
		D2E6890E18A0372700A6BD51 /* SettingsViewcontroller.m in Sources */ = {isa = PBXBuildFile; fileRef = D2E6890D18A0372700A6BD51 /* SettingsViewcontroller.m */; };
		D2E6891118A03AE200A6BD51 /* EventManager.m in Sources */ = {isa = PBXBuildFile; fileRef = D2E6891018A03AE200A6BD51 /* EventManager.m */; };
		D2E6891B18A0614E00A6BD51 /* GHViewController.m in Sources */ = {isa = PBXBuildFile; fileRef = D2E6891618A0614E00A6BD51 /* GHViewController.m */; };
		D2E6891C18A0614E00A6BD51 /* GHWalkThroughPageCell.m in Sources */ = {isa = PBXBuildFile; fileRef = D2E6891818A0614E00A6BD51 /* GHWalkThroughPageCell.m */; };
		D2E6891D18A0614E00A6BD51 /* GHWalkThroughView.m in Sources */ = {isa = PBXBuildFile; fileRef = D2E6891A18A0614E00A6BD51 /* GHWalkThroughView.m */; };
		D2E6892E18A1B35200A6BD51 /* SingleCityViewController.m in Sources */ = {isa = PBXBuildFile; fileRef = D2E6892D18A1B35200A6BD51 /* SingleCityViewController.m */; };
		D2F450DF18A1ECB600ABD1C8 /* AddCityTableViewCell.m in Sources */ = {isa = PBXBuildFile; fileRef = D2F450DE18A1ECB600ABD1C8 /* AddCityTableViewCell.m */; };
		D2F450E518A2C20500ABD1C8 /* GoogleCalendarManager.m in Sources */ = {isa = PBXBuildFile; fileRef = D2F450E418A2C20500ABD1C8 /* GoogleCalendarManager.m */; };
		D2FAA5E218A819AF00D2C82D /* CoreLocation.framework in Frameworks */ = {isa = PBXBuildFile; fileRef = D2FAA5E118A819AF00D2C82D /* CoreLocation.framework */; };
/* End PBXBuildFile section */

/* Begin PBXContainerItemProxy section */
		D244C309189CEB6100E6DB16 /* PBXContainerItemProxy */ = {
			isa = PBXContainerItemProxy;
			containerPortal = D244C2DB189CEB6100E6DB16 /* Project object */;
			proxyType = 1;
			remoteGlobalIDString = D244C2E2189CEB6100E6DB16;
			remoteInfo = "Swing Local";
		};
/* End PBXContainerItemProxy section */

/* Begin PBXFileReference section */
		7C876B9746D5484BBC958FD8 /* libPods.a */ = {isa = PBXFileReference; explicitFileType = archive.ar; includeInIndex = 0; path = libPods.a; sourceTree = BUILT_PRODUCTS_DIR; };
		CAECE47F4C444FF4AFCE578C /* Pods.xcconfig */ = {isa = PBXFileReference; includeInIndex = 1; lastKnownFileType = text.xcconfig; name = Pods.xcconfig; path = Pods/Pods.xcconfig; sourceTree = "<group>"; };
		D20B26CC189F942300F461CE /* DoActionSheet.h */ = {isa = PBXFileReference; fileEncoding = 4; lastKnownFileType = sourcecode.c.h; name = DoActionSheet.h; path = "Swing Local/DoActionSheet/DoActionSheet.h"; sourceTree = SOURCE_ROOT; };
		D20B26CD189F942300F461CE /* DoActionSheet.m */ = {isa = PBXFileReference; fileEncoding = 4; lastKnownFileType = sourcecode.c.objc; name = DoActionSheet.m; path = "Swing Local/DoActionSheet/DoActionSheet.m"; sourceTree = SOURCE_ROOT; };
		D20B26CE189F942300F461CE /* UIImage+ResizeMagick.h */ = {isa = PBXFileReference; fileEncoding = 4; lastKnownFileType = sourcecode.c.h; name = "UIImage+ResizeMagick.h"; path = "Swing Local/DoActionSheet/UIImage+ResizeMagick.h"; sourceTree = SOURCE_ROOT; };
		D20B26CF189F942300F461CE /* UIImage+ResizeMagick.m */ = {isa = PBXFileReference; fileEncoding = 4; lastKnownFileType = sourcecode.c.objc; name = "UIImage+ResizeMagick.m"; path = "Swing Local/DoActionSheet/UIImage+ResizeMagick.m"; sourceTree = SOURCE_ROOT; };
		D210AA2D18CD683600575B52 /* SSPagedView.h */ = {isa = PBXFileReference; fileEncoding = 4; lastKnownFileType = sourcecode.c.h; path = SSPagedView.h; sourceTree = "<group>"; };
		D210AA2E18CD683600575B52 /* SSPagedView.m */ = {isa = PBXFileReference; fileEncoding = 4; lastKnownFileType = sourcecode.c.objc; path = SSPagedView.m; sourceTree = "<group>"; };
		D210AA3018CD76F000575B52 /* 3d-wallpaper-dans-3d-hd-desktop-wallpapers-romania-640x400.jpg */ = {isa = PBXFileReference; lastKnownFileType = image.jpeg; path = "3d-wallpaper-dans-3d-hd-desktop-wallpapers-romania-640x400.jpg"; sourceTree = "<group>"; };
		D21C1AD918A617A700D238CE /* DetailView.xib */ = {isa = PBXFileReference; fileEncoding = 4; lastKnownFileType = file.xib; path = DetailView.xib; sourceTree = "<group>"; };
		D224C523189D017000923370 /* SSFrontViewController.h */ = {isa = PBXFileReference; fileEncoding = 4; lastKnownFileType = sourcecode.c.h; path = SSFrontViewController.h; sourceTree = "<group>"; };
		D224C524189D017000923370 /* SSFrontViewController.m */ = {isa = PBXFileReference; fileEncoding = 4; lastKnownFileType = sourcecode.c.objc; path = SSFrontViewController.m; sourceTree = "<group>"; };
		D224C527189D021400923370 /* SSBackViewController.h */ = {isa = PBXFileReference; fileEncoding = 4; lastKnownFileType = sourcecode.c.h; path = SSBackViewController.h; sourceTree = "<group>"; };
		D224C528189D021400923370 /* SSBackViewController.m */ = {isa = PBXFileReference; fileEncoding = 4; lastKnownFileType = sourcecode.c.objc; path = SSBackViewController.m; sourceTree = "<group>"; };
		D22BF0C618A471D60036783D /* Occurrence.h */ = {isa = PBXFileReference; fileEncoding = 4; lastKnownFileType = sourcecode.c.h; path = Occurrence.h; sourceTree = "<group>"; };
		D22BF0C718A471D60036783D /* Occurrence.m */ = {isa = PBXFileReference; fileEncoding = 4; lastKnownFileType = sourcecode.c.objc; path = Occurrence.m; sourceTree = "<group>"; };
		D22BF0D018A4B4010036783D /* DetailView.h */ = {isa = PBXFileReference; fileEncoding = 4; lastKnownFileType = sourcecode.c.h; path = DetailView.h; sourceTree = "<group>"; };
		D22BF0D118A4B4010036783D /* DetailView.m */ = {isa = PBXFileReference; fileEncoding = 4; lastKnownFileType = sourcecode.c.objc; path = DetailView.m; sourceTree = "<group>"; };
		D22BF0D518A4BC3A0036783D /* FrontViewController.h */ = {isa = PBXFileReference; fileEncoding = 4; lastKnownFileType = sourcecode.c.h; path = FrontViewController.h; sourceTree = "<group>"; };
		D22BF0D618A4BC3A0036783D /* BackViewController.m */ = {isa = PBXFileReference; fileEncoding = 4; lastKnownFileType = sourcecode.c.objc; path = BackViewController.m; sourceTree = "<group>"; };
		D22BF0D718A4BC3A0036783D /* BackViewController.h */ = {isa = PBXFileReference; fileEncoding = 4; lastKnownFileType = sourcecode.c.h; path = BackViewController.h; sourceTree = "<group>"; };
		D22BF0D818A4BC3A0036783D /* FrontViewController.m */ = {isa = PBXFileReference; fileEncoding = 4; lastKnownFileType = sourcecode.c.objc; path = FrontViewController.m; sourceTree = "<group>"; };
		D22BF0D918A4BC3A0036783D /* SplitViewController.m */ = {isa = PBXFileReference; fileEncoding = 4; lastKnownFileType = sourcecode.c.objc; path = SplitViewController.m; sourceTree = "<group>"; };
		D22BF0DA18A4BC3A0036783D /* SplitViewController.h */ = {isa = PBXFileReference; fileEncoding = 4; lastKnownFileType = sourcecode.c.h; path = SplitViewController.h; sourceTree = "<group>"; };
		D23181F418A5A79700A251B6 /* DateRangeSelectorView.h */ = {isa = PBXFileReference; fileEncoding = 4; lastKnownFileType = sourcecode.c.h; path = DateRangeSelectorView.h; sourceTree = "<group>"; };
		D23181F518A5A79700A251B6 /* DateRangeSelectorView.m */ = {isa = PBXFileReference; fileEncoding = 4; lastKnownFileType = sourcecode.c.objc; path = DateRangeSelectorView.m; sourceTree = "<group>"; };
		D23181F918A5A96E00A251B6 /* DateRangeSelector.xib */ = {isa = PBXFileReference; fileEncoding = 4; lastKnownFileType = file.xib; path = DateRangeSelector.xib; sourceTree = "<group>"; };
		D23181FB18A5B7CA00A251B6 /* NSDate+SwingLocal.h */ = {isa = PBXFileReference; fileEncoding = 4; lastKnownFileType = sourcecode.c.h; path = "NSDate+SwingLocal.h"; sourceTree = "<group>"; };
		D23181FC18A5B7CA00A251B6 /* NSDate+SwingLocal.m */ = {isa = PBXFileReference; fileEncoding = 4; lastKnownFileType = sourcecode.c.objc; path = "NSDate+SwingLocal.m"; sourceTree = "<group>"; };
		D244C2E3189CEB6100E6DB16 /* Swing Local.app */ = {isa = PBXFileReference; explicitFileType = wrapper.application; includeInIndex = 0; path = "Swing Local.app"; sourceTree = BUILT_PRODUCTS_DIR; };
		D244C2E6189CEB6100E6DB16 /* Foundation.framework */ = {isa = PBXFileReference; lastKnownFileType = wrapper.framework; name = Foundation.framework; path = System/Library/Frameworks/Foundation.framework; sourceTree = SDKROOT; };
		D244C2E8189CEB6100E6DB16 /* CoreGraphics.framework */ = {isa = PBXFileReference; lastKnownFileType = wrapper.framework; name = CoreGraphics.framework; path = System/Library/Frameworks/CoreGraphics.framework; sourceTree = SDKROOT; };
		D244C2EA189CEB6100E6DB16 /* UIKit.framework */ = {isa = PBXFileReference; lastKnownFileType = wrapper.framework; name = UIKit.framework; path = System/Library/Frameworks/UIKit.framework; sourceTree = SDKROOT; };
		D244C2EE189CEB6100E6DB16 /* Swing Local-Info.plist */ = {isa = PBXFileReference; lastKnownFileType = text.plist.xml; path = "Swing Local-Info.plist"; sourceTree = "<group>"; };
		D244C2F0189CEB6100E6DB16 /* en */ = {isa = PBXFileReference; lastKnownFileType = text.plist.strings; name = en; path = en.lproj/InfoPlist.strings; sourceTree = "<group>"; };
		D244C2F2189CEB6100E6DB16 /* main.m */ = {isa = PBXFileReference; lastKnownFileType = sourcecode.c.objc; path = main.m; sourceTree = "<group>"; };
		D244C2F4189CEB6100E6DB16 /* Swing Local-Prefix.pch */ = {isa = PBXFileReference; lastKnownFileType = sourcecode.c.h; path = "Swing Local-Prefix.pch"; sourceTree = "<group>"; };
		D244C2F5189CEB6100E6DB16 /* SSAppDelegate.h */ = {isa = PBXFileReference; lastKnownFileType = sourcecode.c.h; path = SSAppDelegate.h; sourceTree = "<group>"; };
		D244C2F6189CEB6100E6DB16 /* SSAppDelegate.m */ = {isa = PBXFileReference; lastKnownFileType = sourcecode.c.objc; path = SSAppDelegate.m; sourceTree = "<group>"; };
		D244C2FE189CEB6100E6DB16 /* Images.xcassets */ = {isa = PBXFileReference; lastKnownFileType = folder.assetcatalog; path = Images.xcassets; sourceTree = "<group>"; };
		D244C304189CEB6100E6DB16 /* Swing LocalTests.xctest */ = {isa = PBXFileReference; explicitFileType = wrapper.cfbundle; includeInIndex = 0; path = "Swing LocalTests.xctest"; sourceTree = BUILT_PRODUCTS_DIR; };
		D244C305189CEB6100E6DB16 /* XCTest.framework */ = {isa = PBXFileReference; lastKnownFileType = wrapper.framework; name = XCTest.framework; path = Library/Frameworks/XCTest.framework; sourceTree = DEVELOPER_DIR; };
		D244C30D189CEB6100E6DB16 /* Swing LocalTests-Info.plist */ = {isa = PBXFileReference; lastKnownFileType = text.plist.xml; path = "Swing LocalTests-Info.plist"; sourceTree = "<group>"; };
		D244C30F189CEB6100E6DB16 /* en */ = {isa = PBXFileReference; lastKnownFileType = text.plist.strings; name = en; path = en.lproj/InfoPlist.strings; sourceTree = "<group>"; };
		D244C311189CEB6100E6DB16 /* Swing_LocalTests.m */ = {isa = PBXFileReference; lastKnownFileType = sourcecode.c.objc; path = Swing_LocalTests.m; sourceTree = "<group>"; };
		D244C31F189CEB9000E6DB16 /* HomeView.h */ = {isa = PBXFileReference; lastKnownFileType = sourcecode.c.h; path = HomeView.h; sourceTree = "<group>"; };
		D244C320189CEB9000E6DB16 /* AppTutorialViewController.h */ = {isa = PBXFileReference; lastKnownFileType = sourcecode.c.h; path = AppTutorialViewController.h; sourceTree = "<group>"; };
		D244C321189CEB9000E6DB16 /* MainView.h */ = {isa = PBXFileReference; lastKnownFileType = sourcecode.c.h; path = MainView.h; sourceTree = "<group>"; };
		D244C323189CEBA100E6DB16 /* UIColor+SwingLocal.h */ = {isa = PBXFileReference; lastKnownFileType = sourcecode.c.h; path = "UIColor+SwingLocal.h"; sourceTree = "<group>"; };
		D244C32A189CEBCC00E6DB16 /* HomeView.m */ = {isa = PBXFileReference; fileEncoding = 4; lastKnownFileType = sourcecode.c.objc; path = HomeView.m; sourceTree = "<group>"; };
		D244C32B189CEBCC00E6DB16 /* AppTutorialViewController.m */ = {isa = PBXFileReference; fileEncoding = 4; lastKnownFileType = sourcecode.c.objc; path = AppTutorialViewController.m; sourceTree = "<group>"; };
		D244C332189CEBE500E6DB16 /* menu-gear.png */ = {isa = PBXFileReference; lastKnownFileType = image.png; path = "menu-gear.png"; sourceTree = "<group>"; };
		D244C333189CEBE600E6DB16 /* menu-gear@2x.png */ = {isa = PBXFileReference; lastKnownFileType = image.png; path = "menu-gear@2x.png"; sourceTree = "<group>"; };
		D244C334189CEBE600E6DB16 /* menu.png */ = {isa = PBXFileReference; lastKnownFileType = image.png; path = menu.png; sourceTree = "<group>"; };
		D244C335189CEBE600E6DB16 /* menu@2x.png */ = {isa = PBXFileReference; lastKnownFileType = image.png; path = "menu@2x.png"; sourceTree = "<group>"; };
		D244C33B189CEBF100E6DB16 /* bg_01.png */ = {isa = PBXFileReference; lastKnownFileType = image.png; path = bg_01.png; sourceTree = "<group>"; };
		D244C33C189CEBF100E6DB16 /* bg_02.png */ = {isa = PBXFileReference; lastKnownFileType = image.png; path = bg_02.png; sourceTree = "<group>"; };
		D244C33D189CEBF100E6DB16 /* bg_03.png */ = {isa = PBXFileReference; lastKnownFileType = image.png; path = bg_03.png; sourceTree = "<group>"; };
		D244C343189CEC5C00E6DB16 /* MainView.m */ = {isa = PBXFileReference; fileEncoding = 4; lastKnownFileType = sourcecode.c.objc; path = MainView.m; sourceTree = "<group>"; };
		D244C346189CEC7A00E6DB16 /* UIColor+SwingLocal.m */ = {isa = PBXFileReference; fileEncoding = 4; lastKnownFileType = sourcecode.c.objc; path = "UIColor+SwingLocal.m"; sourceTree = "<group>"; };
		D2471F3218C59C1B00F1A15C /* SSEventSubWrapperView.h */ = {isa = PBXFileReference; fileEncoding = 4; lastKnownFileType = sourcecode.c.h; path = SSEventSubWrapperView.h; sourceTree = "<group>"; };
		D2471F3318C59C1B00F1A15C /* SSEventSubWrapperView.m */ = {isa = PBXFileReference; fileEncoding = 4; lastKnownFileType = sourcecode.c.objc; path = SSEventSubWrapperView.m; sourceTree = "<group>"; };
		D2471F3518C5A41F00F1A15C /* MapKit.framework */ = {isa = PBXFileReference; lastKnownFileType = wrapper.framework; name = MapKit.framework; path = System/Library/Frameworks/MapKit.framework; sourceTree = SDKROOT; };
		D252263E18CDCFBA001A8862 /* SSStackedPageView.h */ = {isa = PBXFileReference; fileEncoding = 4; lastKnownFileType = sourcecode.c.h; path = SSStackedPageView.h; sourceTree = "<group>"; };
		D252263F18CDCFBA001A8862 /* SSStackedPageView.m */ = {isa = PBXFileReference; fileEncoding = 4; lastKnownFileType = sourcecode.c.objc; path = SSStackedPageView.m; sourceTree = "<group>"; };
		D26ECBDB18ADF47600B388EA /* M13ProgressView.h */ = {isa = PBXFileReference; fileEncoding = 4; lastKnownFileType = sourcecode.c.h; path = M13ProgressView.h; sourceTree = "<group>"; };
		D26ECBDC18ADF47600B388EA /* M13ProgressView.m */ = {isa = PBXFileReference; fileEncoding = 4; lastKnownFileType = sourcecode.c.objc; path = M13ProgressView.m; sourceTree = "<group>"; };
		D26ECBDE18ADF48100B388EA /* M13ProgressViewStripedBar.h */ = {isa = PBXFileReference; fileEncoding = 4; lastKnownFileType = sourcecode.c.h; path = M13ProgressViewStripedBar.h; sourceTree = "<group>"; };
		D26ECBDF18ADF48100B388EA /* M13ProgressViewStripedBar.m */ = {isa = PBXFileReference; fileEncoding = 4; lastKnownFileType = sourcecode.c.objc; path = M13ProgressViewStripedBar.m; sourceTree = "<group>"; };
		D2779B4718B5327F0062D34C /* Crashlytics.h */ = {isa = PBXFileReference; lastKnownFileType = sourcecode.c.h; path = Crashlytics.h; sourceTree = "<group>"; };
		D2779B4818B538710062D34C /* Crashlytics.framework */ = {isa = PBXFileReference; lastKnownFileType = wrapper.framework; path = Crashlytics.framework; sourceTree = "<group>"; };
		D28E0FA518C595200038EB48 /* SSCityEventController.h */ = {isa = PBXFileReference; fileEncoding = 4; lastKnownFileType = sourcecode.c.h; path = SSCityEventController.h; sourceTree = "<group>"; };
		D28E0FA618C595200038EB48 /* SSCityEventController.m */ = {isa = PBXFileReference; fileEncoding = 4; lastKnownFileType = sourcecode.c.objc; path = SSCityEventController.m; sourceTree = "<group>"; };
		D28E0FA818C595B30038EB48 /* SSEventTableView.h */ = {isa = PBXFileReference; fileEncoding = 4; lastKnownFileType = sourcecode.c.h; path = SSEventTableView.h; sourceTree = "<group>"; };
		D28E0FA918C595B30038EB48 /* SSEventTableView.m */ = {isa = PBXFileReference; fileEncoding = 4; lastKnownFileType = sourcecode.c.objc; path = SSEventTableView.m; sourceTree = "<group>"; };
		D28E0FAB18C596420038EB48 /* SSEventTableHeaderView.h */ = {isa = PBXFileReference; fileEncoding = 4; lastKnownFileType = sourcecode.c.h; path = SSEventTableHeaderView.h; sourceTree = "<group>"; };
		D28E0FAC18C596420038EB48 /* SSEventTableHeaderView.m */ = {isa = PBXFileReference; fileEncoding = 4; lastKnownFileType = sourcecode.c.objc; path = SSEventTableHeaderView.m; sourceTree = "<group>"; };
		D28E0FAE18C596E00038EB48 /* SSMapView.xib */ = {isa = PBXFileReference; fileEncoding = 4; lastKnownFileType = file.xib; path = SSMapView.xib; sourceTree = "<group>"; };
		D28E0FB018C596EF0038EB48 /* PhotographerCoverView.xib */ = {isa = PBXFileReference; fileEncoding = 4; lastKnownFileType = file.xib; path = PhotographerCoverView.xib; sourceTree = "<group>"; };
		D28E0FB218C5970C0038EB48 /* SSPhotoBackgroundView.h */ = {isa = PBXFileReference; fileEncoding = 4; lastKnownFileType = sourcecode.c.h; path = SSPhotoBackgroundView.h; sourceTree = "<group>"; };
		D28E0FB318C5970C0038EB48 /* SSPhotoBackgroundView.m */ = {isa = PBXFileReference; fileEncoding = 4; lastKnownFileType = sourcecode.c.objc; path = SSPhotoBackgroundView.m; sourceTree = "<group>"; };
		D28E0FB518C597700038EB48 /* SSMapView.h */ = {isa = PBXFileReference; fileEncoding = 4; lastKnownFileType = sourcecode.c.h; path = SSMapView.h; sourceTree = "<group>"; };
		D28E0FB618C597700038EB48 /* SSMapView.m */ = {isa = PBXFileReference; fileEncoding = 4; lastKnownFileType = sourcecode.c.objc; path = SSMapView.m; sourceTree = "<group>"; };
		D28E0FB818C599CF0038EB48 /* 51a837d5a18a756793.jpg */ = {isa = PBXFileReference; lastKnownFileType = image.jpeg; path = 51a837d5a18a756793.jpg; sourceTree = "<group>"; };
		D28E0FB918C599CF0038EB48 /* SwingLocalLogo-Map.png */ = {isa = PBXFileReference; lastKnownFileType = image.png; path = "SwingLocalLogo-Map.png"; sourceTree = "<group>"; };
		D28E0FBA18C599CF0038EB48 /* SwingLocalLogo-Pin_circlebg.png */ = {isa = PBXFileReference; lastKnownFileType = image.png; path = "SwingLocalLogo-Pin_circlebg.png"; sourceTree = "<group>"; };
		D292FD16189DCA85000874FB /* SSActionSheet.h */ = {isa = PBXFileReference; fileEncoding = 4; lastKnownFileType = sourcecode.c.h; path = SSActionSheet.h; sourceTree = "<group>"; };
		D292FD17189DCA85000874FB /* SSActionSheet.m */ = {isa = PBXFileReference; fileEncoding = 4; lastKnownFileType = sourcecode.c.objc; path = SSActionSheet.m; sourceTree = "<group>"; };
		D292FD1A189E1E87000874FB /* HomePageManager.h */ = {isa = PBXFileReference; fileEncoding = 4; lastKnownFileType = sourcecode.c.h; path = HomePageManager.h; sourceTree = "<group>"; };
		D292FD1B189E1E87000874FB /* HomePageManager.m */ = {isa = PBXFileReference; fileEncoding = 4; lastKnownFileType = sourcecode.c.objc; path = HomePageManager.m; sourceTree = "<group>"; };
		D2941B2118AC5C7400AFFC92 /* CityAnnotation.h */ = {isa = PBXFileReference; fileEncoding = 4; lastKnownFileType = sourcecode.c.h; path = CityAnnotation.h; sourceTree = "<group>"; };
		D2941B2218AC5C7400AFFC92 /* CityAnnotation.m */ = {isa = PBXFileReference; fileEncoding = 4; lastKnownFileType = sourcecode.c.objc; path = CityAnnotation.m; sourceTree = "<group>"; };
		D2941B2518AC844700AFFC92 /* OccAnnotation.h */ = {isa = PBXFileReference; fileEncoding = 4; lastKnownFileType = sourcecode.c.h; path = OccAnnotation.h; sourceTree = "<group>"; };
		D2941B2618AC844700AFFC92 /* OccAnnotation.m */ = {isa = PBXFileReference; fileEncoding = 4; lastKnownFileType = sourcecode.c.objc; path = OccAnnotation.m; sourceTree = "<group>"; };
		D2A07F97189F534C002F11DA /* UserOptions.h */ = {isa = PBXFileReference; fileEncoding = 4; lastKnownFileType = sourcecode.c.h; path = UserOptions.h; sourceTree = "<group>"; };
		D2A07F98189F534C002F11DA /* UserOptions.m */ = {isa = PBXFileReference; fileEncoding = 4; lastKnownFileType = sourcecode.c.objc; path = UserOptions.m; sourceTree = "<group>"; };
		D2A07F99189F534C002F11DA /* Event.h */ = {isa = PBXFileReference; fileEncoding = 4; lastKnownFileType = sourcecode.c.h; path = Event.h; sourceTree = "<group>"; };
		D2A07F9A189F534C002F11DA /* Event.m */ = {isa = PBXFileReference; fileEncoding = 4; lastKnownFileType = sourcecode.c.objc; path = Event.m; sourceTree = "<group>"; };
		D2A07F9D189F535D002F11DA /* Venue.h */ = {isa = PBXFileReference; fileEncoding = 4; lastKnownFileType = sourcecode.c.h; path = Venue.h; sourceTree = "<group>"; };
		D2A07F9E189F535D002F11DA /* Venue.m */ = {isa = PBXFileReference; fileEncoding = 4; lastKnownFileType = sourcecode.c.objc; path = Venue.m; sourceTree = "<group>"; };
		D2A07FA0189F537A002F11DA /* HollowButton.h */ = {isa = PBXFileReference; fileEncoding = 4; lastKnownFileType = sourcecode.c.h; path = HollowButton.h; sourceTree = "<group>"; };
		D2A07FA1189F537A002F11DA /* HollowButton.m */ = {isa = PBXFileReference; fileEncoding = 4; lastKnownFileType = sourcecode.c.objc; path = HollowButton.m; sourceTree = "<group>"; };
		D2A07FA3189F5382002F11DA /* EventsTableView.h */ = {isa = PBXFileReference; fileEncoding = 4; lastKnownFileType = sourcecode.c.h; path = EventsTableView.h; sourceTree = "<group>"; };
		D2A07FA4189F5382002F11DA /* EventsTableView.m */ = {isa = PBXFileReference; fileEncoding = 4; lastKnownFileType = sourcecode.c.objc; path = EventsTableView.m; sourceTree = "<group>"; };
		D2A07FA6189F5387002F11DA /* EventsTableViewModel.h */ = {isa = PBXFileReference; fileEncoding = 4; lastKnownFileType = sourcecode.c.h; path = EventsTableViewModel.h; sourceTree = "<group>"; };
		D2A07FA7189F5387002F11DA /* EventsTableViewModel.m */ = {isa = PBXFileReference; fileEncoding = 4; lastKnownFileType = sourcecode.c.objc; path = EventsTableViewModel.m; sourceTree = "<group>"; };
		D2A07FA9189F539A002F11DA /* City.h */ = {isa = PBXFileReference; fileEncoding = 4; lastKnownFileType = sourcecode.c.h; path = City.h; sourceTree = "<group>"; };
		D2A07FAA189F539A002F11DA /* City.m */ = {isa = PBXFileReference; fileEncoding = 4; lastKnownFileType = sourcecode.c.objc; path = City.m; sourceTree = "<group>"; };
		D2A07FAC189F542D002F11DA /* Main.storyboard */ = {isa = PBXFileReference; fileEncoding = 4; lastKnownFileType = file.storyboard; path = Main.storyboard; sourceTree = "<group>"; };
		D2A07FBB189F8602002F11DA /* NewsView.h */ = {isa = PBXFileReference; fileEncoding = 4; lastKnownFileType = sourcecode.c.h; path = NewsView.h; sourceTree = "<group>"; };
		D2A07FBC189F8602002F11DA /* NewsView.m */ = {isa = PBXFileReference; fileEncoding = 4; lastKnownFileType = sourcecode.c.objc; path = NewsView.m; sourceTree = "<group>"; };
		D2C8ED7318A94D8800164C68 /* LocalNotificationManager.h */ = {isa = PBXFileReference; fileEncoding = 4; lastKnownFileType = sourcecode.c.h; path = LocalNotificationManager.h; sourceTree = "<group>"; };
		D2C8ED7418A94D8800164C68 /* LocalNotificationManager.m */ = {isa = PBXFileReference; fileEncoding = 4; lastKnownFileType = sourcecode.c.objc; path = LocalNotificationManager.m; sourceTree = "<group>"; };
		D2CEBE6518CCDA5400ABA6D0 /* SSHomeViewController.h */ = {isa = PBXFileReference; fileEncoding = 4; lastKnownFileType = sourcecode.c.h; path = SSHomeViewController.h; sourceTree = "<group>"; };
		D2CEBE6618CCDA5400ABA6D0 /* SSHomeViewController.m */ = {isa = PBXFileReference; fileEncoding = 4; lastKnownFileType = sourcecode.c.objc; path = SSHomeViewController.m; sourceTree = "<group>"; };
		D2DD655018AFC89200326DEB /* EventTableViewCell.h */ = {isa = PBXFileReference; fileEncoding = 4; lastKnownFileType = sourcecode.c.h; path = EventTableViewCell.h; sourceTree = "<group>"; };
		D2DD655118AFC89200326DEB /* EventTableViewCell.m */ = {isa = PBXFileReference; fileEncoding = 4; lastKnownFileType = sourcecode.c.objc; path = EventTableViewCell.m; sourceTree = "<group>"; };
		D2E688F818A013BC00A6BD51 /* RootViewController.h */ = {isa = PBXFileReference; fileEncoding = 4; lastKnownFileType = sourcecode.c.h; path = RootViewController.h; sourceTree = "<group>"; };
		D2E688F918A013BC00A6BD51 /* RootViewController.m */ = {isa = PBXFileReference; fileEncoding = 4; lastKnownFileType = sourcecode.c.objc; path = RootViewController.m; sourceTree = "<group>"; };
		D2E688FB18A014F000A6BD51 /* CustomSegue.h */ = {isa = PBXFileReference; fileEncoding = 4; lastKnownFileType = sourcecode.c.h; path = CustomSegue.h; sourceTree = "<group>"; };
		D2E688FC18A014F000A6BD51 /* CustomSegue.m */ = {isa = PBXFileReference; fileEncoding = 4; lastKnownFileType = sourcecode.c.objc; path = CustomSegue.m; sourceTree = "<group>"; };
		D2E688FF18A020C900A6BD51 /* SplitControllerSegue.h */ = {isa = PBXFileReference; fileEncoding = 4; lastKnownFileType = sourcecode.c.h; path = SplitControllerSegue.h; sourceTree = "<group>"; };
		D2E6890018A020C900A6BD51 /* SplitControllerSegue.m */ = {isa = PBXFileReference; fileEncoding = 4; lastKnownFileType = sourcecode.c.objc; path = SplitControllerSegue.m; sourceTree = "<group>"; };
		D2E6890218A0292100A6BD51 /* HomeViewController.h */ = {isa = PBXFileReference; fileEncoding = 4; lastKnownFileType = sourcecode.c.h; path = HomeViewController.h; sourceTree = "<group>"; };
		D2E6890318A0292100A6BD51 /* HomeViewController.m */ = {isa = PBXFileReference; fileEncoding = 4; lastKnownFileType = sourcecode.c.objc; path = HomeViewController.m; sourceTree = "<group>"; };
		D2E6890518A02EB100A6BD51 /* NewsViewController.h */ = {isa = PBXFileReference; fileEncoding = 4; lastKnownFileType = sourcecode.c.h; path = NewsViewController.h; sourceTree = "<group>"; };
		D2E6890618A02EB100A6BD51 /* NewsViewController.m */ = {isa = PBXFileReference; fileEncoding = 4; lastKnownFileType = sourcecode.c.objc; path = NewsViewController.m; sourceTree = "<group>"; };
		D2E6890818A02EC000A6BD51 /* CalendarviewController.h */ = {isa = PBXFileReference; fileEncoding = 4; lastKnownFileType = sourcecode.c.h; path = CalendarviewController.h; sourceTree = "<group>"; };
		D2E6890918A02EC000A6BD51 /* CalendarviewController.m */ = {isa = PBXFileReference; fileEncoding = 4; lastKnownFileType = sourcecode.c.objc; path = CalendarviewController.m; sourceTree = "<group>"; };
		D2E6890C18A0372700A6BD51 /* SettingsViewcontroller.h */ = {isa = PBXFileReference; fileEncoding = 4; lastKnownFileType = sourcecode.c.h; path = SettingsViewcontroller.h; sourceTree = "<group>"; };
		D2E6890D18A0372700A6BD51 /* SettingsViewcontroller.m */ = {isa = PBXFileReference; fileEncoding = 4; lastKnownFileType = sourcecode.c.objc; path = SettingsViewcontroller.m; sourceTree = "<group>"; };
		D2E6890F18A03AE200A6BD51 /* EventManager.h */ = {isa = PBXFileReference; fileEncoding = 4; lastKnownFileType = sourcecode.c.h; path = EventManager.h; sourceTree = "<group>"; };
		D2E6891018A03AE200A6BD51 /* EventManager.m */ = {isa = PBXFileReference; fileEncoding = 4; lastKnownFileType = sourcecode.c.objc; path = EventManager.m; sourceTree = "<group>"; };
		D2E6891518A0614E00A6BD51 /* GHViewController.h */ = {isa = PBXFileReference; fileEncoding = 4; lastKnownFileType = sourcecode.c.h; name = GHViewController.h; path = GHWalkThrough/GHViewController.h; sourceTree = "<group>"; };
		D2E6891618A0614E00A6BD51 /* GHViewController.m */ = {isa = PBXFileReference; fileEncoding = 4; lastKnownFileType = sourcecode.c.objc; name = GHViewController.m; path = GHWalkThrough/GHViewController.m; sourceTree = "<group>"; };
		D2E6891718A0614E00A6BD51 /* GHWalkThroughPageCell.h */ = {isa = PBXFileReference; fileEncoding = 4; lastKnownFileType = sourcecode.c.h; name = GHWalkThroughPageCell.h; path = GHWalkThrough/GHWalkThroughPageCell.h; sourceTree = "<group>"; };
		D2E6891818A0614E00A6BD51 /* GHWalkThroughPageCell.m */ = {isa = PBXFileReference; fileEncoding = 4; lastKnownFileType = sourcecode.c.objc; name = GHWalkThroughPageCell.m; path = GHWalkThrough/GHWalkThroughPageCell.m; sourceTree = "<group>"; };
		D2E6891918A0614E00A6BD51 /* GHWalkThroughView.h */ = {isa = PBXFileReference; fileEncoding = 4; lastKnownFileType = sourcecode.c.h; name = GHWalkThroughView.h; path = GHWalkThrough/GHWalkThroughView.h; sourceTree = "<group>"; };
		D2E6891A18A0614E00A6BD51 /* GHWalkThroughView.m */ = {isa = PBXFileReference; fileEncoding = 4; lastKnownFileType = sourcecode.c.objc; name = GHWalkThroughView.m; path = GHWalkThrough/GHWalkThroughView.m; sourceTree = "<group>"; };
		D2E6892C18A1B35200A6BD51 /* SingleCityViewController.h */ = {isa = PBXFileReference; fileEncoding = 4; lastKnownFileType = sourcecode.c.h; path = SingleCityViewController.h; sourceTree = "<group>"; };
		D2E6892D18A1B35200A6BD51 /* SingleCityViewController.m */ = {isa = PBXFileReference; fileEncoding = 4; lastKnownFileType = sourcecode.c.objc; path = SingleCityViewController.m; sourceTree = "<group>"; };
		D2F450DD18A1ECB600ABD1C8 /* AddCityTableViewCell.h */ = {isa = PBXFileReference; fileEncoding = 4; lastKnownFileType = sourcecode.c.h; path = AddCityTableViewCell.h; sourceTree = "<group>"; };
		D2F450DE18A1ECB600ABD1C8 /* AddCityTableViewCell.m */ = {isa = PBXFileReference; fileEncoding = 4; lastKnownFileType = sourcecode.c.objc; path = AddCityTableViewCell.m; sourceTree = "<group>"; };
		D2F450E318A2C20500ABD1C8 /* GoogleCalendarManager.h */ = {isa = PBXFileReference; fileEncoding = 4; lastKnownFileType = sourcecode.c.h; path = GoogleCalendarManager.h; sourceTree = "<group>"; };
		D2F450E418A2C20500ABD1C8 /* GoogleCalendarManager.m */ = {isa = PBXFileReference; fileEncoding = 4; lastKnownFileType = sourcecode.c.objc; path = GoogleCalendarManager.m; sourceTree = "<group>"; };
		D2F450E618A2C4AB00ABD1C8 /* Constants.h */ = {isa = PBXFileReference; lastKnownFileType = sourcecode.c.h; path = Constants.h; sourceTree = "<group>"; };
		D2FAA5E118A819AF00D2C82D /* CoreLocation.framework */ = {isa = PBXFileReference; lastKnownFileType = wrapper.framework; name = CoreLocation.framework; path = System/Library/Frameworks/CoreLocation.framework; sourceTree = SDKROOT; };
/* End PBXFileReference section */

/* Begin PBXFrameworksBuildPhase section */
		D244C2E0189CEB6100E6DB16 /* Frameworks */ = {
			isa = PBXFrameworksBuildPhase;
			buildActionMask = 2147483647;
			files = (
				D2471F3618C5A41F00F1A15C /* MapKit.framework in Frameworks */,
				D2779B4918B538710062D34C /* Crashlytics.framework in Frameworks */,
				D2FAA5E218A819AF00D2C82D /* CoreLocation.framework in Frameworks */,
				D244C2E9189CEB6100E6DB16 /* CoreGraphics.framework in Frameworks */,
				D244C2EB189CEB6100E6DB16 /* UIKit.framework in Frameworks */,
				D244C2E7189CEB6100E6DB16 /* Foundation.framework in Frameworks */,
				850EA0662F1A4443888886AC /* libPods.a in Frameworks */,
			);
			runOnlyForDeploymentPostprocessing = 0;
		};
		D244C301189CEB6100E6DB16 /* Frameworks */ = {
			isa = PBXFrameworksBuildPhase;
			buildActionMask = 2147483647;
			files = (
				D244C306189CEB6100E6DB16 /* XCTest.framework in Frameworks */,
				D244C308189CEB6100E6DB16 /* UIKit.framework in Frameworks */,
				D244C307189CEB6100E6DB16 /* Foundation.framework in Frameworks */,
			);
			runOnlyForDeploymentPostprocessing = 0;
		};
/* End PBXFrameworksBuildPhase section */

/* Begin PBXGroup section */
		D210AA2C18CD681800575B52 /* SSPagedView */ = {
			isa = PBXGroup;
			children = (
				D210AA2D18CD683600575B52 /* SSPagedView.h */,
				D210AA2E18CD683600575B52 /* SSPagedView.m */,
			);
			name = SSPagedView;
			sourceTree = "<group>";
		};
		D224C526189D017A00923370 /* Controllers */ = {
			isa = PBXGroup;
			children = (
				D2CEBE6518CCDA5400ABA6D0 /* SSHomeViewController.h */,
				D2CEBE6618CCDA5400ABA6D0 /* SSHomeViewController.m */,
				D28E0FA518C595200038EB48 /* SSCityEventController.h */,
				D28E0FA618C595200038EB48 /* SSCityEventController.m */,
				D2E6890218A0292100A6BD51 /* HomeViewController.h */,
				D2E6890318A0292100A6BD51 /* HomeViewController.m */,
				D2E6890518A02EB100A6BD51 /* NewsViewController.h */,
				D2E6890618A02EB100A6BD51 /* NewsViewController.m */,
				D2E6892C18A1B35200A6BD51 /* SingleCityViewController.h */,
				D2E6892D18A1B35200A6BD51 /* SingleCityViewController.m */,
				D2E6890818A02EC000A6BD51 /* CalendarviewController.h */,
				D2E6890918A02EC000A6BD51 /* CalendarviewController.m */,
				D2E6890C18A0372700A6BD51 /* SettingsViewcontroller.h */,
				D2E6890D18A0372700A6BD51 /* SettingsViewcontroller.m */,
				D244C320189CEB9000E6DB16 /* AppTutorialViewController.h */,
				D244C32B189CEBCC00E6DB16 /* AppTutorialViewController.m */,
				D224C523189D017000923370 /* SSFrontViewController.h */,
				D224C524189D017000923370 /* SSFrontViewController.m */,
				D224C527189D021400923370 /* SSBackViewController.h */,
				D224C528189D021400923370 /* SSBackViewController.m */,
			);
			name = Controllers;
			sourceTree = "<group>";
		};
		D244C2DA189CEB6100E6DB16 = {
			isa = PBXGroup;
			children = (
				D244C2EC189CEB6100E6DB16 /* Swing Local */,
				D244C30B189CEB6100E6DB16 /* Swing LocalTests */,
				D244C2E5189CEB6100E6DB16 /* Frameworks */,
				D244C2E4189CEB6100E6DB16 /* Products */,
				CAECE47F4C444FF4AFCE578C /* Pods.xcconfig */,
			);
			sourceTree = "<group>";
		};
		D244C2E4189CEB6100E6DB16 /* Products */ = {
			isa = PBXGroup;
			children = (
				D244C2E3189CEB6100E6DB16 /* Swing Local.app */,
				D244C304189CEB6100E6DB16 /* Swing LocalTests.xctest */,
			);
			name = Products;
			sourceTree = "<group>";
		};
		D244C2E5189CEB6100E6DB16 /* Frameworks */ = {
			isa = PBXGroup;
			children = (
				D2471F3518C5A41F00F1A15C /* MapKit.framework */,
				D2779B4818B538710062D34C /* Crashlytics.framework */,
				D2FAA5E118A819AF00D2C82D /* CoreLocation.framework */,
				D244C2E6189CEB6100E6DB16 /* Foundation.framework */,
				D244C2E8189CEB6100E6DB16 /* CoreGraphics.framework */,
				D244C2EA189CEB6100E6DB16 /* UIKit.framework */,
				D244C305189CEB6100E6DB16 /* XCTest.framework */,
				7C876B9746D5484BBC958FD8 /* libPods.a */,
			);
			name = Frameworks;
			sourceTree = "<group>";
		};
		D244C2EC189CEB6100E6DB16 /* Swing Local */ = {
			isa = PBXGroup;
			children = (
				D2A07FAC189F542D002F11DA /* Main.storyboard */,
				D21C1AD918A617A700D238CE /* DetailView.xib */,
				D23181F918A5A96E00A251B6 /* DateRangeSelector.xib */,
				D244C2F5189CEB6100E6DB16 /* SSAppDelegate.h */,
				D244C2F6189CEB6100E6DB16 /* SSAppDelegate.m */,
				D2E688F818A013BC00A6BD51 /* RootViewController.h */,
				D2E688F918A013BC00A6BD51 /* RootViewController.m */,
				D292FD1D189E1E8B000874FB /* Models */,
				D244C345189CEC6500E6DB16 /* Views */,
				D224C526189D017A00923370 /* Controllers */,
				D2E6890B18A02ECA00A6BD51 /* Other Projs */,
				D244C2FE189CEB6100E6DB16 /* Images.xcassets */,
				D28E0FB818C599CF0038EB48 /* 51a837d5a18a756793.jpg */,
				D210AA3018CD76F000575B52 /* 3d-wallpaper-dans-3d-hd-desktop-wallpapers-romania-640x400.jpg */,
				D28E0FB918C599CF0038EB48 /* SwingLocalLogo-Map.png */,
				D28E0FBA18C599CF0038EB48 /* SwingLocalLogo-Pin_circlebg.png */,
				D244C33A189CEBEA00E6DB16 /* Images */,
				D244C2ED189CEB6100E6DB16 /* Supporting Files */,
			);
			path = "Swing Local";
			sourceTree = "<group>";
		};
		D244C2ED189CEB6100E6DB16 /* Supporting Files */ = {
			isa = PBXGroup;
			children = (
				D2779B4718B5327F0062D34C /* Crashlytics.h */,
				D244C2EE189CEB6100E6DB16 /* Swing Local-Info.plist */,
				D244C2EF189CEB6100E6DB16 /* InfoPlist.strings */,
				D244C2F2189CEB6100E6DB16 /* main.m */,
				D244C2F4189CEB6100E6DB16 /* Swing Local-Prefix.pch */,
				D2F450E618A2C4AB00ABD1C8 /* Constants.h */,
			);
			name = "Supporting Files";
			sourceTree = "<group>";
		};
		D244C30B189CEB6100E6DB16 /* Swing LocalTests */ = {
			isa = PBXGroup;
			children = (
				D244C311189CEB6100E6DB16 /* Swing_LocalTests.m */,
				D244C30C189CEB6100E6DB16 /* Supporting Files */,
			);
			path = "Swing LocalTests";
			sourceTree = "<group>";
		};
		D244C30C189CEB6100E6DB16 /* Supporting Files */ = {
			isa = PBXGroup;
			children = (
				D244C30D189CEB6100E6DB16 /* Swing LocalTests-Info.plist */,
				D244C30E189CEB6100E6DB16 /* InfoPlist.strings */,
			);
			name = "Supporting Files";
			sourceTree = "<group>";
		};
		D244C33A189CEBEA00E6DB16 /* Images */ = {
			isa = PBXGroup;
			children = (
				D244C33B189CEBF100E6DB16 /* bg_01.png */,
				D244C33C189CEBF100E6DB16 /* bg_02.png */,
				D244C33D189CEBF100E6DB16 /* bg_03.png */,
				D244C332189CEBE500E6DB16 /* menu-gear.png */,
				D244C333189CEBE600E6DB16 /* menu-gear@2x.png */,
				D244C334189CEBE600E6DB16 /* menu.png */,
				D244C335189CEBE600E6DB16 /* menu@2x.png */,
			);
			name = Images;
			sourceTree = "<group>";
		};
		D244C345189CEC6500E6DB16 /* Views */ = {
			isa = PBXGroup;
			children = (
				D28E0FA818C595B30038EB48 /* SSEventTableView.h */,
				D28E0FA918C595B30038EB48 /* SSEventTableView.m */,
				D28E0FAB18C596420038EB48 /* SSEventTableHeaderView.h */,
				D28E0FAC18C596420038EB48 /* SSEventTableHeaderView.m */,
				D28E0FAE18C596E00038EB48 /* SSMapView.xib */,
				D28E0FB518C597700038EB48 /* SSMapView.h */,
				D28E0FB618C597700038EB48 /* SSMapView.m */,
				D2471F3218C59C1B00F1A15C /* SSEventSubWrapperView.h */,
				D2471F3318C59C1B00F1A15C /* SSEventSubWrapperView.m */,
				D28E0FB018C596EF0038EB48 /* PhotographerCoverView.xib */,
				D28E0FB218C5970C0038EB48 /* SSPhotoBackgroundView.h */,
				D28E0FB318C5970C0038EB48 /* SSPhotoBackgroundView.m */,
				D2A07FBE189F8610002F11DA /* Controller Views */,
				D2A07FB0189F5B3F002F11DA /* Buttons */,
				D2E688F718A0133B00A6BD51 /* Subclassed */,
				D2A07FB1189F5B44002F11DA /* Tables */,
				D2F450E018A1ECF600ABD1C8 /* Cells */,
			);
			name = Views;
			sourceTree = "<group>";
		};
		D244C348189CEC8100E6DB16 /* Categories */ = {
			isa = PBXGroup;
			children = (
				D244C323189CEBA100E6DB16 /* UIColor+SwingLocal.h */,
				D244C346189CEC7A00E6DB16 /* UIColor+SwingLocal.m */,
				D23181FB18A5B7CA00A251B6 /* NSDate+SwingLocal.h */,
				D23181FC18A5B7CA00A251B6 /* NSDate+SwingLocal.m */,
			);
			name = Categories;
			sourceTree = "<group>";
		};
		D244C352189CECBB00E6DB16 /* SplitPeekViewController */ = {
			isa = PBXGroup;
			children = (
				D22BF0D518A4BC3A0036783D /* FrontViewController.h */,
				D22BF0D818A4BC3A0036783D /* FrontViewController.m */,
				D22BF0D618A4BC3A0036783D /* BackViewController.m */,
				D22BF0D718A4BC3A0036783D /* BackViewController.h */,
				D22BF0DA18A4BC3A0036783D /* SplitViewController.h */,
				D22BF0D918A4BC3A0036783D /* SplitViewController.m */,
			);
			name = SplitPeekViewController;
			sourceTree = "<group>";
		};
		D244C356189CECE600E6DB16 /* GHViewController.h */ = {
			isa = PBXGroup;
			children = (
				D2E6891518A0614E00A6BD51 /* GHViewController.h */,
				D2E6891618A0614E00A6BD51 /* GHViewController.m */,
				D2E6891E18A0616E00A6BD51 /* Views */,
			);
			name = GHViewController.h;
			sourceTree = "<group>";
		};
		D252264118CDCFBE001A8862 /* SSStackedPageView */ = {
			isa = PBXGroup;
			children = (
				D252263E18CDCFBA001A8862 /* SSStackedPageView.h */,
				D252263F18CDCFBA001A8862 /* SSStackedPageView.m */,
			);
			name = SSStackedPageView;
			sourceTree = "<group>";
		};
		D26ECBDA18ADF46400B388EA /* M13ProgressSuite */ = {
			isa = PBXGroup;
			children = (
				D26ECBDB18ADF47600B388EA /* M13ProgressView.h */,
				D26ECBDC18ADF47600B388EA /* M13ProgressView.m */,
				D26ECBDE18ADF48100B388EA /* M13ProgressViewStripedBar.h */,
				D26ECBDF18ADF48100B388EA /* M13ProgressViewStripedBar.m */,
			);
			name = M13ProgressSuite;
			sourceTree = "<group>";
		};
		D292FD08189DC9ED000874FB /* DoAction */ = {
			isa = PBXGroup;
			children = (
				D20B26CC189F942300F461CE /* DoActionSheet.h */,
				D20B26CD189F942300F461CE /* DoActionSheet.m */,
				D292FD09189DC9FD000874FB /* UIImage-ResizeMagick */,
			);
			name = DoAction;
			sourceTree = "<group>";
		};
		D292FD09189DC9FD000874FB /* UIImage-ResizeMagick */ = {
			isa = PBXGroup;
			children = (
				D20B26CE189F942300F461CE /* UIImage+ResizeMagick.h */,
				D20B26CF189F942300F461CE /* UIImage+ResizeMagick.m */,
			);
			name = "UIImage-ResizeMagick";
			path = "../../DoActionSheet/TestActionSheet/3rdSource/UIImage-ResizeMagick";
			sourceTree = "<group>";
		};
		D292FD1D189E1E8B000874FB /* Models */ = {
			isa = PBXGroup;
			children = (
				D244C348189CEC8100E6DB16 /* Categories */,
				D2A07FAF189F54FE002F11DA /* User Settings */,
				D2A07FAE189F54EF002F11DA /* Event Models */,
				D2A07FB5189F77C5002F11DA /* TableView Models */,
				D292FD1E189E32DA000874FB /* Managers */,
				D2E688FE18A0152800A6BD51 /* Segues */,
				D2941B2418AC5D0500AFFC92 /* MapKit */,
			);
			name = Models;
			sourceTree = "<group>";
		};
		D292FD1E189E32DA000874FB /* Managers */ = {
			isa = PBXGroup;
			children = (
				D292FD1A189E1E87000874FB /* HomePageManager.h */,
				D292FD1B189E1E87000874FB /* HomePageManager.m */,
				D2E6890F18A03AE200A6BD51 /* EventManager.h */,
				D2E6891018A03AE200A6BD51 /* EventManager.m */,
				D2F450E318A2C20500ABD1C8 /* GoogleCalendarManager.h */,
				D2F450E418A2C20500ABD1C8 /* GoogleCalendarManager.m */,
				D2C8ED7318A94D8800164C68 /* LocalNotificationManager.h */,
				D2C8ED7418A94D8800164C68 /* LocalNotificationManager.m */,
			);
			name = Managers;
			sourceTree = "<group>";
		};
		D2941B2418AC5D0500AFFC92 /* MapKit */ = {
			isa = PBXGroup;
			children = (
				D2941B2118AC5C7400AFFC92 /* CityAnnotation.h */,
				D2941B2218AC5C7400AFFC92 /* CityAnnotation.m */,
				D2941B2518AC844700AFFC92 /* OccAnnotation.h */,
				D2941B2618AC844700AFFC92 /* OccAnnotation.m */,
			);
			name = MapKit;
			sourceTree = "<group>";
		};
		D2A07FAE189F54EF002F11DA /* Event Models */ = {
			isa = PBXGroup;
			children = (
				D2A07FA9189F539A002F11DA /* City.h */,
				D2A07FAA189F539A002F11DA /* City.m */,
				D2A07F9D189F535D002F11DA /* Venue.h */,
				D2A07F9E189F535D002F11DA /* Venue.m */,
				D2A07F99189F534C002F11DA /* Event.h */,
				D2A07F9A189F534C002F11DA /* Event.m */,
				D22BF0C618A471D60036783D /* Occurrence.h */,
				D22BF0C718A471D60036783D /* Occurrence.m */,
			);
			name = "Event Models";
			sourceTree = "<group>";
		};
		D2A07FAF189F54FE002F11DA /* User Settings */ = {
			isa = PBXGroup;
			children = (
				D2A07F97189F534C002F11DA /* UserOptions.h */,
				D2A07F98189F534C002F11DA /* UserOptions.m */,
			);
			name = "User Settings";
			sourceTree = "<group>";
		};
		D2A07FB0189F5B3F002F11DA /* Buttons */ = {
			isa = PBXGroup;
			children = (
				D2A07FA0189F537A002F11DA /* HollowButton.h */,
				D2A07FA1189F537A002F11DA /* HollowButton.m */,
			);
			name = Buttons;
			sourceTree = "<group>";
		};
		D2A07FB1189F5B44002F11DA /* Tables */ = {
			isa = PBXGroup;
			children = (
				D2A07FA3189F5382002F11DA /* EventsTableView.h */,
				D2A07FA4189F5382002F11DA /* EventsTableView.m */,
			);
			name = Tables;
			sourceTree = "<group>";
		};
		D2A07FB5189F77C5002F11DA /* TableView Models */ = {
			isa = PBXGroup;
			children = (
				D2A07FA6189F5387002F11DA /* EventsTableViewModel.h */,
				D2A07FA7189F5387002F11DA /* EventsTableViewModel.m */,
				D2DD655018AFC89200326DEB /* EventTableViewCell.h */,
				D2DD655118AFC89200326DEB /* EventTableViewCell.m */,
			);
			name = "TableView Models";
			sourceTree = "<group>";
		};
		D2A07FBE189F8610002F11DA /* Controller Views */ = {
			isa = PBXGroup;
			children = (
				D244C321189CEB9000E6DB16 /* MainView.h */,
				D244C343189CEC5C00E6DB16 /* MainView.m */,
				D2A07FBB189F8602002F11DA /* NewsView.h */,
				D2A07FBC189F8602002F11DA /* NewsView.m */,
				D244C31F189CEB9000E6DB16 /* HomeView.h */,
				D244C32A189CEBCC00E6DB16 /* HomeView.m */,
				D22BF0D018A4B4010036783D /* DetailView.h */,
				D22BF0D118A4B4010036783D /* DetailView.m */,
				D23181F418A5A79700A251B6 /* DateRangeSelectorView.h */,
				D23181F518A5A79700A251B6 /* DateRangeSelectorView.m */,
			);
			name = "Controller Views";
			sourceTree = "<group>";
		};
		D2E688F718A0133B00A6BD51 /* Subclassed */ = {
			isa = PBXGroup;
			children = (
				D292FD16189DCA85000874FB /* SSActionSheet.h */,
				D292FD17189DCA85000874FB /* SSActionSheet.m */,
			);
			name = Subclassed;
			sourceTree = "<group>";
		};
		D2E688FE18A0152800A6BD51 /* Segues */ = {
			isa = PBXGroup;
			children = (
				D2E688FB18A014F000A6BD51 /* CustomSegue.h */,
				D2E688FC18A014F000A6BD51 /* CustomSegue.m */,
				D2E688FF18A020C900A6BD51 /* SplitControllerSegue.h */,
				D2E6890018A020C900A6BD51 /* SplitControllerSegue.m */,
			);
			name = Segues;
			sourceTree = "<group>";
		};
		D2E6890B18A02ECA00A6BD51 /* Other Projs */ = {
			isa = PBXGroup;
			children = (
				D252264118CDCFBE001A8862 /* SSStackedPageView */,
				D210AA2C18CD681800575B52 /* SSPagedView */,
				D26ECBDA18ADF46400B388EA /* M13ProgressSuite */,
				D244C352189CECBB00E6DB16 /* SplitPeekViewController */,
				D244C356189CECE600E6DB16 /* GHViewController.h */,
				D292FD08189DC9ED000874FB /* DoAction */,
			);
			name = "Other Projs";
			sourceTree = "<group>";
		};
		D2E6891E18A0616E00A6BD51 /* Views */ = {
			isa = PBXGroup;
			children = (
				D2E6891718A0614E00A6BD51 /* GHWalkThroughPageCell.h */,
				D2E6891818A0614E00A6BD51 /* GHWalkThroughPageCell.m */,
				D2E6891918A0614E00A6BD51 /* GHWalkThroughView.h */,
				D2E6891A18A0614E00A6BD51 /* GHWalkThroughView.m */,
			);
			name = Views;
			sourceTree = "<group>";
		};
		D2F450E018A1ECF600ABD1C8 /* Cells */ = {
			isa = PBXGroup;
			children = (
				D2F450DD18A1ECB600ABD1C8 /* AddCityTableViewCell.h */,
				D2F450DE18A1ECB600ABD1C8 /* AddCityTableViewCell.m */,
			);
			name = Cells;
			sourceTree = "<group>";
		};
/* End PBXGroup section */

/* Begin PBXNativeTarget section */
		D244C2E2189CEB6100E6DB16 /* Swing Local */ = {
			isa = PBXNativeTarget;
			buildConfigurationList = D244C315189CEB6100E6DB16 /* Build configuration list for PBXNativeTarget "Swing Local" */;
			buildPhases = (
				925D8FD12970430DA1B35C8D /* Check Pods Manifest.lock */,
				D244C2DF189CEB6100E6DB16 /* Sources */,
				D244C2E0189CEB6100E6DB16 /* Frameworks */,
				D244C2E1189CEB6100E6DB16 /* Resources */,
				908D07B908FE413FB1410531 /* Copy Pods Resources */,
				D2941B1E18AC209400AFFC92 /* ShellScript */,
			);
			buildRules = (
			);
			dependencies = (
			);
			name = "Swing Local";
			productName = "Swing Local";
			productReference = D244C2E3189CEB6100E6DB16 /* Swing Local.app */;
			productType = "com.apple.product-type.application";
		};
		D244C303189CEB6100E6DB16 /* Swing LocalTests */ = {
			isa = PBXNativeTarget;
			buildConfigurationList = D244C318189CEB6100E6DB16 /* Build configuration list for PBXNativeTarget "Swing LocalTests" */;
			buildPhases = (
				D244C300189CEB6100E6DB16 /* Sources */,
				D244C301189CEB6100E6DB16 /* Frameworks */,
				D244C302189CEB6100E6DB16 /* Resources */,
			);
			buildRules = (
			);
			dependencies = (
				D244C30A189CEB6100E6DB16 /* PBXTargetDependency */,
			);
			name = "Swing LocalTests";
			productName = "Swing LocalTests";
			productReference = D244C304189CEB6100E6DB16 /* Swing LocalTests.xctest */;
			productType = "com.apple.product-type.bundle.unit-test";
		};
/* End PBXNativeTarget section */

/* Begin PBXProject section */
		D244C2DB189CEB6100E6DB16 /* Project object */ = {
			isa = PBXProject;
			attributes = {
				CLASSPREFIX = SS;
				LastUpgradeCheck = 0500;
				ORGANIZATIONNAME = "Steven Stevenson";
				TargetAttributes = {
					D244C2E2189CEB6100E6DB16 = {
						DevelopmentTeam = 2S283D3328;
					};
					D244C303189CEB6100E6DB16 = {
						TestTargetID = D244C2E2189CEB6100E6DB16;
					};
				};
			};
			buildConfigurationList = D244C2DE189CEB6100E6DB16 /* Build configuration list for PBXProject "Swing Local" */;
			compatibilityVersion = "Xcode 3.2";
			developmentRegion = English;
			hasScannedForEncodings = 0;
			knownRegions = (
				en,
				Base,
			);
			mainGroup = D244C2DA189CEB6100E6DB16;
			productRefGroup = D244C2E4189CEB6100E6DB16 /* Products */;
			projectDirPath = "";
			projectRoot = "";
			targets = (
				D244C2E2189CEB6100E6DB16 /* Swing Local */,
				D244C303189CEB6100E6DB16 /* Swing LocalTests */,
			);
		};
/* End PBXProject section */

/* Begin PBXResourcesBuildPhase section */
		D244C2E1189CEB6100E6DB16 /* Resources */ = {
			isa = PBXResourcesBuildPhase;
			buildActionMask = 2147483647;
			files = (
				D244C33F189CEBF100E6DB16 /* bg_02.png in Resources */,
				D244C2FF189CEB6100E6DB16 /* Images.xcassets in Resources */,
				D244C339189CEBE600E6DB16 /* menu@2x.png in Resources */,
				D210AA3118CD76F000575B52 /* 3d-wallpaper-dans-3d-hd-desktop-wallpapers-romania-640x400.jpg in Resources */,
				D23181FA18A5A96E00A251B6 /* DateRangeSelector.xib in Resources */,
				D244C336189CEBE600E6DB16 /* menu-gear.png in Resources */,
				D244C338189CEBE600E6DB16 /* menu.png in Resources */,
				D2A07FAD189F542D002F11DA /* Main.storyboard in Resources */,
				D244C2F1189CEB6100E6DB16 /* InfoPlist.strings in Resources */,
				D28E0FBC18C599CF0038EB48 /* SwingLocalLogo-Map.png in Resources */,
				D244C33E189CEBF100E6DB16 /* bg_01.png in Resources */,
				D28E0FB118C596EF0038EB48 /* PhotographerCoverView.xib in Resources */,
				D28E0FBD18C599CF0038EB48 /* SwingLocalLogo-Pin_circlebg.png in Resources */,
				D28E0FAF18C596E00038EB48 /* SSMapView.xib in Resources */,
				D21C1ADA18A617A700D238CE /* DetailView.xib in Resources */,
				D28E0FBB18C599CF0038EB48 /* 51a837d5a18a756793.jpg in Resources */,
				D244C340189CEBF100E6DB16 /* bg_03.png in Resources */,
				D244C337189CEBE600E6DB16 /* menu-gear@2x.png in Resources */,
			);
			runOnlyForDeploymentPostprocessing = 0;
		};
		D244C302189CEB6100E6DB16 /* Resources */ = {
			isa = PBXResourcesBuildPhase;
			buildActionMask = 2147483647;
			files = (
				D244C310189CEB6100E6DB16 /* InfoPlist.strings in Resources */,
			);
			runOnlyForDeploymentPostprocessing = 0;
		};
/* End PBXResourcesBuildPhase section */

/* Begin PBXShellScriptBuildPhase section */
		908D07B908FE413FB1410531 /* Copy Pods Resources */ = {
			isa = PBXShellScriptBuildPhase;
			buildActionMask = 2147483647;
			files = (
			);
			inputPaths = (
			);
			name = "Copy Pods Resources";
			outputPaths = (
			);
			runOnlyForDeploymentPostprocessing = 0;
			shellPath = /bin/sh;
			shellScript = "\"${SRCROOT}/Pods/Pods-resources.sh\"\n";
			showEnvVarsInLog = 0;
		};
		925D8FD12970430DA1B35C8D /* Check Pods Manifest.lock */ = {
			isa = PBXShellScriptBuildPhase;
			buildActionMask = 2147483647;
			files = (
			);
			inputPaths = (
			);
			name = "Check Pods Manifest.lock";
			outputPaths = (
			);
			runOnlyForDeploymentPostprocessing = 0;
			shellPath = /bin/sh;
			shellScript = "diff \"${PODS_ROOT}/../Podfile.lock\" \"${PODS_ROOT}/Manifest.lock\" > /dev/null\nif [[ $? != 0 ]] ; then\n    cat << EOM\nerror: The sandbox is not in sync with the Podfile.lock. Run 'pod install' or update your CocoaPods installation.\nEOM\n    exit 1\nfi\n";
			showEnvVarsInLog = 0;
		};
		D2941B1E18AC209400AFFC92 /* ShellScript */ = {
			isa = PBXShellScriptBuildPhase;
			buildActionMask = 12;
			files = (
			);
			inputPaths = (
			);
			outputPaths = (
			);
			runOnlyForDeploymentPostprocessing = 0;
			shellPath = /bin/sh;
			shellScript = "./Crashlytics.framework/run 7bb362af92e487f1f93c82a87e0beacc5172ff1f 43f9061a6d5fdd7c0d40a4c3ff64ba932797acacf63fdf8de04bb3fb3cd87a0b";
		};
/* End PBXShellScriptBuildPhase section */

/* Begin PBXSourcesBuildPhase section */
		D244C2DF189CEB6100E6DB16 /* Sources */ = {
			isa = PBXSourcesBuildPhase;
			buildActionMask = 2147483647;
			files = (
				D2A07FBD189F8602002F11DA /* NewsView.m in Sources */,
				D2A07F9C189F534C002F11DA /* Event.m in Sources */,
				D2E688FD18A014F000A6BD51 /* CustomSegue.m in Sources */,
				D28E0FAD18C596420038EB48 /* SSEventTableHeaderView.m in Sources */,
				D22BF0DC18A4BC3A0036783D /* FrontViewController.m in Sources */,
				D2F450DF18A1ECB600ABD1C8 /* AddCityTableViewCell.m in Sources */,
				D224C525189D017000923370 /* SSFrontViewController.m in Sources */,
				D2E688FA18A013BC00A6BD51 /* RootViewController.m in Sources */,
				D244C344189CEC5C00E6DB16 /* MainView.m in Sources */,
				D2CEBE6718CCDA5400ABA6D0 /* SSHomeViewController.m in Sources */,
				D2471F3418C59C1B00F1A15C /* SSEventSubWrapperView.m in Sources */,
				D292FD18189DCA85000874FB /* SSActionSheet.m in Sources */,
				D244C331189CEBCC00E6DB16 /* AppTutorialViewController.m in Sources */,
				D22BF0DB18A4BC3A0036783D /* BackViewController.m in Sources */,
				D22BF0D218A4B4010036783D /* DetailView.m in Sources */,
				D2E6890A18A02EC000A6BD51 /* CalendarviewController.m in Sources */,
				D26ECBE018ADF48100B388EA /* M13ProgressViewStripedBar.m in Sources */,
				D2E6890718A02EB100A6BD51 /* NewsViewController.m in Sources */,
				D224C529189D021400923370 /* SSBackViewController.m in Sources */,
				D2E6891D18A0614E00A6BD51 /* GHWalkThroughView.m in Sources */,
				D2DD655218AFC89200326DEB /* EventTableViewCell.m in Sources */,
				D2E6891B18A0614E00A6BD51 /* GHViewController.m in Sources */,
				D244C347189CEC7A00E6DB16 /* UIColor+SwingLocal.m in Sources */,
				D2A07FA5189F5382002F11DA /* EventsTableView.m in Sources */,
				D20B26D0189F942300F461CE /* DoActionSheet.m in Sources */,
				D2A07F9F189F535D002F11DA /* Venue.m in Sources */,
				D2A07FA8189F5387002F11DA /* EventsTableViewModel.m in Sources */,
				D2C8ED7518A94D8800164C68 /* LocalNotificationManager.m in Sources */,
				D2E6891118A03AE200A6BD51 /* EventManager.m in Sources */,
				D2941B2318AC5C7400AFFC92 /* CityAnnotation.m in Sources */,
				D244C330189CEBCC00E6DB16 /* HomeView.m in Sources */,
				D28E0FAA18C595B30038EB48 /* SSEventTableView.m in Sources */,
				D2E6890E18A0372700A6BD51 /* SettingsViewcontroller.m in Sources */,
				D23181F618A5A79700A251B6 /* DateRangeSelectorView.m in Sources */,
				D2A07FA2189F537A002F11DA /* HollowButton.m in Sources */,
				D26ECBDD18ADF47600B388EA /* M13ProgressView.m in Sources */,
				D22BF0DD18A4BC3A0036783D /* SplitViewController.m in Sources */,
				D2941B2718AC844700AFFC92 /* OccAnnotation.m in Sources */,
				D2E6891C18A0614E00A6BD51 /* GHWalkThroughPageCell.m in Sources */,
				D20B26D1189F942300F461CE /* UIImage+ResizeMagick.m in Sources */,
				D2A07FAB189F539A002F11DA /* City.m in Sources */,
				D23181FD18A5B7CA00A251B6 /* NSDate+SwingLocal.m in Sources */,
				D292FD1C189E1E87000874FB /* HomePageManager.m in Sources */,
				D28E0FA718C595200038EB48 /* SSCityEventController.m in Sources */,
				D2E6890418A0292100A6BD51 /* HomeViewController.m in Sources */,
				D244C2F7189CEB6100E6DB16 /* SSAppDelegate.m in Sources */,
				D2A07F9B189F534C002F11DA /* UserOptions.m in Sources */,
				D28E0FB718C597700038EB48 /* SSMapView.m in Sources */,
				D244C2F3189CEB6100E6DB16 /* main.m in Sources */,
				D22BF0C818A471D60036783D /* Occurrence.m in Sources */,
				D2E6890118A020C900A6BD51 /* SplitControllerSegue.m in Sources */,
				D252264018CDCFBA001A8862 /* SSStackedPageView.m in Sources */,
				D210AA2F18CD683600575B52 /* SSPagedView.m in Sources */,
				D2F450E518A2C20500ABD1C8 /* GoogleCalendarManager.m in Sources */,
				D28E0FB418C5970C0038EB48 /* SSPhotoBackgroundView.m in Sources */,
				D2E6892E18A1B35200A6BD51 /* SingleCityViewController.m in Sources */,
			);
			runOnlyForDeploymentPostprocessing = 0;
		};
		D244C300189CEB6100E6DB16 /* Sources */ = {
			isa = PBXSourcesBuildPhase;
			buildActionMask = 2147483647;
			files = (
				D244C312189CEB6100E6DB16 /* Swing_LocalTests.m in Sources */,
			);
			runOnlyForDeploymentPostprocessing = 0;
		};
/* End PBXSourcesBuildPhase section */

/* Begin PBXTargetDependency section */
		D244C30A189CEB6100E6DB16 /* PBXTargetDependency */ = {
			isa = PBXTargetDependency;
			target = D244C2E2189CEB6100E6DB16 /* Swing Local */;
			targetProxy = D244C309189CEB6100E6DB16 /* PBXContainerItemProxy */;
		};
/* End PBXTargetDependency section */

/* Begin PBXVariantGroup section */
		D244C2EF189CEB6100E6DB16 /* InfoPlist.strings */ = {
			isa = PBXVariantGroup;
			children = (
				D244C2F0189CEB6100E6DB16 /* en */,
			);
			name = InfoPlist.strings;
			sourceTree = "<group>";
		};
		D244C30E189CEB6100E6DB16 /* InfoPlist.strings */ = {
			isa = PBXVariantGroup;
			children = (
				D244C30F189CEB6100E6DB16 /* en */,
			);
			name = InfoPlist.strings;
			sourceTree = "<group>";
		};
/* End PBXVariantGroup section */

/* Begin XCBuildConfiguration section */
		D244C313189CEB6100E6DB16 /* Debug */ = {
			isa = XCBuildConfiguration;
			buildSettings = {
				ALWAYS_SEARCH_USER_PATHS = NO;
				ARCHS = "$(ARCHS_STANDARD_INCLUDING_64_BIT)";
				CLANG_CXX_LANGUAGE_STANDARD = "gnu++0x";
				CLANG_CXX_LIBRARY = "libc++";
				CLANG_ENABLE_MODULES = YES;
				CLANG_ENABLE_OBJC_ARC = YES;
				CLANG_WARN_BOOL_CONVERSION = YES;
				CLANG_WARN_CONSTANT_CONVERSION = YES;
				CLANG_WARN_DIRECT_OBJC_ISA_USAGE = YES_ERROR;
				CLANG_WARN_EMPTY_BODY = YES;
				CLANG_WARN_ENUM_CONVERSION = YES;
				CLANG_WARN_INT_CONVERSION = YES;
				CLANG_WARN_OBJC_ROOT_CLASS = YES_ERROR;
				CLANG_WARN__DUPLICATE_METHOD_MATCH = YES;
				"CODE_SIGN_IDENTITY[sdk=iphoneos*]" = "iPhone Developer";
				COPY_PHASE_STRIP = NO;
				GCC_C_LANGUAGE_STANDARD = gnu99;
				GCC_DYNAMIC_NO_PIC = NO;
				GCC_OPTIMIZATION_LEVEL = 0;
				GCC_PREPROCESSOR_DEFINITIONS = (
					"DEBUG=1",
					"$(inherited)",
				);
				GCC_SYMBOLS_PRIVATE_EXTERN = NO;
				GCC_WARN_64_TO_32_BIT_CONVERSION = YES;
				GCC_WARN_ABOUT_RETURN_TYPE = YES_ERROR;
				GCC_WARN_UNDECLARED_SELECTOR = YES;
				GCC_WARN_UNINITIALIZED_AUTOS = YES;
				GCC_WARN_UNUSED_FUNCTION = YES;
				GCC_WARN_UNUSED_VARIABLE = YES;
				IPHONEOS_DEPLOYMENT_TARGET = 7.0;
				ONLY_ACTIVE_ARCH = YES;
				SDKROOT = iphoneos;
			};
			name = Debug;
		};
		D244C314189CEB6100E6DB16 /* Release */ = {
			isa = XCBuildConfiguration;
			buildSettings = {
				ALWAYS_SEARCH_USER_PATHS = NO;
				ARCHS = "$(ARCHS_STANDARD_INCLUDING_64_BIT)";
				CLANG_CXX_LANGUAGE_STANDARD = "gnu++0x";
				CLANG_CXX_LIBRARY = "libc++";
				CLANG_ENABLE_MODULES = YES;
				CLANG_ENABLE_OBJC_ARC = YES;
				CLANG_WARN_BOOL_CONVERSION = YES;
				CLANG_WARN_CONSTANT_CONVERSION = YES;
				CLANG_WARN_DIRECT_OBJC_ISA_USAGE = YES_ERROR;
				CLANG_WARN_EMPTY_BODY = YES;
				CLANG_WARN_ENUM_CONVERSION = YES;
				CLANG_WARN_INT_CONVERSION = YES;
				CLANG_WARN_OBJC_ROOT_CLASS = YES_ERROR;
				CLANG_WARN__DUPLICATE_METHOD_MATCH = YES;
				"CODE_SIGN_IDENTITY[sdk=iphoneos*]" = "iPhone Developer";
				COPY_PHASE_STRIP = YES;
				ENABLE_NS_ASSERTIONS = NO;
				GCC_C_LANGUAGE_STANDARD = gnu99;
				GCC_WARN_64_TO_32_BIT_CONVERSION = YES;
				GCC_WARN_ABOUT_RETURN_TYPE = YES_ERROR;
				GCC_WARN_UNDECLARED_SELECTOR = YES;
				GCC_WARN_UNINITIALIZED_AUTOS = YES;
				GCC_WARN_UNUSED_FUNCTION = YES;
				GCC_WARN_UNUSED_VARIABLE = YES;
				IPHONEOS_DEPLOYMENT_TARGET = 7.0;
				SDKROOT = iphoneos;
				VALIDATE_PRODUCT = YES;
			};
			name = Release;
		};
		D244C316189CEB6100E6DB16 /* Debug */ = {
			isa = XCBuildConfiguration;
			baseConfigurationReference = CAECE47F4C444FF4AFCE578C /* Pods.xcconfig */;
			buildSettings = {
				ARCHS = "$(ARCHS_STANDARD_INCLUDING_64_BIT)";
				ASSETCATALOG_COMPILER_APPICON_NAME = AppIcon;
				ASSETCATALOG_COMPILER_LAUNCHIMAGE_NAME = LaunchImage;
				CODE_SIGN_IDENTITY = "iPhone Developer";
				"CODE_SIGN_IDENTITY[sdk=iphoneos*]" = "iPhone Developer";
				FRAMEWORK_SEARCH_PATHS = (
					"$(inherited)",
					"/Users/plenipotence/Dropbox/Laptop\\ Files/Documents/Swing\\ Local/Swing\\ Local",
				);
				GCC_PRECOMPILE_PREFIX_HEADER = YES;
				GCC_PREFIX_HEADER = "Swing Local/Swing Local-Prefix.pch";
				INFOPLIST_FILE = "Swing Local/Swing Local-Info.plist";
				IPHONEOS_DEPLOYMENT_TARGET = 6.1;
				PRODUCT_NAME = "$(TARGET_NAME)";
				PROVISIONING_PROFILE = "";
				VALID_ARCHS = "armv7 armv7s arm64";
				WRAPPER_EXTENSION = app;
			};
			name = Debug;
		};
		D244C317189CEB6100E6DB16 /* Release */ = {
			isa = XCBuildConfiguration;
			baseConfigurationReference = CAECE47F4C444FF4AFCE578C /* Pods.xcconfig */;
			buildSettings = {
				ARCHS = "$(ARCHS_STANDARD_INCLUDING_64_BIT)";
				ASSETCATALOG_COMPILER_APPICON_NAME = AppIcon;
				ASSETCATALOG_COMPILER_LAUNCHIMAGE_NAME = LaunchImage;
				CODE_SIGN_IDENTITY = "iPhone Developer";
				"CODE_SIGN_IDENTITY[sdk=iphoneos*]" = "iPhone Developer";
				FRAMEWORK_SEARCH_PATHS = (
					"$(inherited)",
					"/Users/plenipotence/Dropbox/Laptop\\ Files/Documents/Swing\\ Local/Swing\\ Local",
				);
				GCC_PRECOMPILE_PREFIX_HEADER = YES;
				GCC_PREFIX_HEADER = "Swing Local/Swing Local-Prefix.pch";
				INFOPLIST_FILE = "Swing Local/Swing Local-Info.plist";
				IPHONEOS_DEPLOYMENT_TARGET = 6.1;
				PRODUCT_NAME = "$(TARGET_NAME)";
				PROVISIONING_PROFILE = "";
				VALID_ARCHS = "armv7 armv7s arm64";
				WRAPPER_EXTENSION = app;
			};
			name = Release;
		};
		D244C319189CEB6100E6DB16 /* Debug */ = {
			isa = XCBuildConfiguration;
			buildSettings = {
				ARCHS = "$(ARCHS_STANDARD_INCLUDING_64_BIT)";
				BUNDLE_LOADER = "$(BUILT_PRODUCTS_DIR)/Swing Local.app/Swing Local";
				FRAMEWORK_SEARCH_PATHS = (
					"$(SDKROOT)/Developer/Library/Frameworks",
					"$(inherited)",
					"$(DEVELOPER_FRAMEWORKS_DIR)",
				);
				GCC_PRECOMPILE_PREFIX_HEADER = YES;
				GCC_PREFIX_HEADER = "Swing Local/Swing Local-Prefix.pch";
				GCC_PREPROCESSOR_DEFINITIONS = (
					"DEBUG=1",
					"$(inherited)",
				);
				INFOPLIST_FILE = "Swing LocalTests/Swing LocalTests-Info.plist";
				PRODUCT_NAME = "$(TARGET_NAME)";
				TEST_HOST = "$(BUNDLE_LOADER)";
				WRAPPER_EXTENSION = xctest;
			};
			name = Debug;
		};
		D244C31A189CEB6100E6DB16 /* Release */ = {
			isa = XCBuildConfiguration;
			buildSettings = {
				ARCHS = "$(ARCHS_STANDARD_INCLUDING_64_BIT)";
				BUNDLE_LOADER = "$(BUILT_PRODUCTS_DIR)/Swing Local.app/Swing Local";
				FRAMEWORK_SEARCH_PATHS = (
					"$(SDKROOT)/Developer/Library/Frameworks",
					"$(inherited)",
					"$(DEVELOPER_FRAMEWORKS_DIR)",
				);
				GCC_PRECOMPILE_PREFIX_HEADER = YES;
				GCC_PREFIX_HEADER = "Swing Local/Swing Local-Prefix.pch";
				INFOPLIST_FILE = "Swing LocalTests/Swing LocalTests-Info.plist";
				PRODUCT_NAME = "$(TARGET_NAME)";
				TEST_HOST = "$(BUNDLE_LOADER)";
				WRAPPER_EXTENSION = xctest;
			};
			name = Release;
		};
/* End XCBuildConfiguration section */

/* Begin XCConfigurationList section */
		D244C2DE189CEB6100E6DB16 /* Build configuration list for PBXProject "Swing Local" */ = {
			isa = XCConfigurationList;
			buildConfigurations = (
				D244C313189CEB6100E6DB16 /* Debug */,
				D244C314189CEB6100E6DB16 /* Release */,
			);
			defaultConfigurationIsVisible = 0;
			defaultConfigurationName = Release;
		};
		D244C315189CEB6100E6DB16 /* Build configuration list for PBXNativeTarget "Swing Local" */ = {
			isa = XCConfigurationList;
			buildConfigurations = (
				D244C316189CEB6100E6DB16 /* Debug */,
				D244C317189CEB6100E6DB16 /* Release */,
			);
			defaultConfigurationIsVisible = 0;
			defaultConfigurationName = Release;
		};
		D244C318189CEB6100E6DB16 /* Build configuration list for PBXNativeTarget "Swing LocalTests" */ = {
			isa = XCConfigurationList;
			buildConfigurations = (
				D244C319189CEB6100E6DB16 /* Debug */,
				D244C31A189CEB6100E6DB16 /* Release */,
			);
			defaultConfigurationIsVisible = 0;
			defaultConfigurationName = Release;
		};
/* End XCConfigurationList section */
	};
	rootObject = D244C2DB189CEB6100E6DB16 /* Project object */;
}
